// !$*UTF8*$!
{
	archiveVersion = 1;
	classes = {
	};
	objectVersion = 50;
	objects = {

/* Begin PBXBuildFile section */
		BD40717F25991B4D00E01183 /* Tests_iOS.swift in Sources */ = {isa = PBXBuildFile; fileRef = BD40717E25991B4D00E01183 /* Tests_iOS.swift */; };
		BD40718A25991B4D00E01183 /* Tests_macOS.swift in Sources */ = {isa = PBXBuildFile; fileRef = BD40718925991B4D00E01183 /* Tests_macOS.swift */; };
		BD40718C25991B4D00E01183 /* ViewsAndModifiersApp.swift in Sources */ = {isa = PBXBuildFile; fileRef = BD40716325991B4C00E01183 /* ViewsAndModifiersApp.swift */; };
		BD40718D25991B4D00E01183 /* ViewsAndModifiersApp.swift in Sources */ = {isa = PBXBuildFile; fileRef = BD40716325991B4C00E01183 /* ViewsAndModifiersApp.swift */; };
		BD40718E25991B4D00E01183 /* ContentView.swift in Sources */ = {isa = PBXBuildFile; fileRef = BD40716425991B4C00E01183 /* ContentView.swift */; };
		BD40718F25991B4D00E01183 /* ContentView.swift in Sources */ = {isa = PBXBuildFile; fileRef = BD40716425991B4C00E01183 /* ContentView.swift */; };
		BD40719025991B4D00E01183 /* Assets.xcassets in Resources */ = {isa = PBXBuildFile; fileRef = BD40716525991B4C00E01183 /* Assets.xcassets */; };
		BD40719125991B4D00E01183 /* Assets.xcassets in Resources */ = {isa = PBXBuildFile; fileRef = BD40716525991B4C00E01183 /* Assets.xcassets */; };
		BDE317BC259A103000753700 /* CapsuleText.swift in Sources */ = {isa = PBXBuildFile; fileRef = BDE317BB259A103000753700 /* CapsuleText.swift */; };
		BDE317BD259A103000753700 /* CapsuleText.swift in Sources */ = {isa = PBXBuildFile; fileRef = BDE317BB259A103000753700 /* CapsuleText.swift */; };
		BDE317CC259A129100753700 /* Title.swift in Sources */ = {isa = PBXBuildFile; fileRef = BDE317CB259A129100753700 /* Title.swift */; };
		BDE317CD259A129100753700 /* Title.swift in Sources */ = {isa = PBXBuildFile; fileRef = BDE317CB259A129100753700 /* Title.swift */; };
		BDE317E3259A69A900753700 /* Heading.swift in Sources */ = {isa = PBXBuildFile; fileRef = BDE317E2259A69A900753700 /* Heading.swift */; };
		BDE317E4259A69A900753700 /* Heading.swift in Sources */ = {isa = PBXBuildFile; fileRef = BDE317E2259A69A900753700 /* Heading.swift */; };
/* End PBXBuildFile section */

/* Begin PBXContainerItemProxy section */
		BD40717B25991B4D00E01183 /* PBXContainerItemProxy */ = {
			isa = PBXContainerItemProxy;
			containerPortal = BD40715E25991B4B00E01183 /* Project object */;
			proxyType = 1;
			remoteGlobalIDString = BD40716925991B4C00E01183;
			remoteInfo = "ViewsAndModifiers (iOS)";
		};
		BD40718625991B4D00E01183 /* PBXContainerItemProxy */ = {
			isa = PBXContainerItemProxy;
			containerPortal = BD40715E25991B4B00E01183 /* Project object */;
			proxyType = 1;
			remoteGlobalIDString = BD40717125991B4D00E01183;
			remoteInfo = "ViewsAndModifiers (macOS)";
		};
/* End PBXContainerItemProxy section */

/* Begin PBXFileReference section */
		BD40716325991B4C00E01183 /* ViewsAndModifiersApp.swift */ = {isa = PBXFileReference; lastKnownFileType = sourcecode.swift; path = ViewsAndModifiersApp.swift; sourceTree = "<group>"; };
		BD40716425991B4C00E01183 /* ContentView.swift */ = {isa = PBXFileReference; lastKnownFileType = sourcecode.swift; path = ContentView.swift; sourceTree = "<group>"; };
		BD40716525991B4C00E01183 /* Assets.xcassets */ = {isa = PBXFileReference; lastKnownFileType = folder.assetcatalog; path = Assets.xcassets; sourceTree = "<group>"; };
		BD40716A25991B4C00E01183 /* ViewsAndModifiers.app */ = {isa = PBXFileReference; explicitFileType = wrapper.application; includeInIndex = 0; path = ViewsAndModifiers.app; sourceTree = BUILT_PRODUCTS_DIR; };
		BD40716D25991B4C00E01183 /* Info.plist */ = {isa = PBXFileReference; lastKnownFileType = text.plist.xml; path = Info.plist; sourceTree = "<group>"; };
		BD40717225991B4D00E01183 /* ViewsAndModifiers.app */ = {isa = PBXFileReference; explicitFileType = wrapper.application; includeInIndex = 0; path = ViewsAndModifiers.app; sourceTree = BUILT_PRODUCTS_DIR; };
		BD40717425991B4D00E01183 /* Info.plist */ = {isa = PBXFileReference; lastKnownFileType = text.plist.xml; path = Info.plist; sourceTree = "<group>"; };
		BD40717525991B4D00E01183 /* macOS.entitlements */ = {isa = PBXFileReference; lastKnownFileType = text.plist.entitlements; path = macOS.entitlements; sourceTree = "<group>"; };
		BD40717A25991B4D00E01183 /* Tests iOS.xctest */ = {isa = PBXFileReference; explicitFileType = wrapper.cfbundle; includeInIndex = 0; path = "Tests iOS.xctest"; sourceTree = BUILT_PRODUCTS_DIR; };
		BD40717E25991B4D00E01183 /* Tests_iOS.swift */ = {isa = PBXFileReference; lastKnownFileType = sourcecode.swift; path = Tests_iOS.swift; sourceTree = "<group>"; };
		BD40718025991B4D00E01183 /* Info.plist */ = {isa = PBXFileReference; lastKnownFileType = text.plist.xml; path = Info.plist; sourceTree = "<group>"; };
		BD40718525991B4D00E01183 /* Tests macOS.xctest */ = {isa = PBXFileReference; explicitFileType = wrapper.cfbundle; includeInIndex = 0; path = "Tests macOS.xctest"; sourceTree = BUILT_PRODUCTS_DIR; };
		BD40718925991B4D00E01183 /* Tests_macOS.swift */ = {isa = PBXFileReference; lastKnownFileType = sourcecode.swift; path = Tests_macOS.swift; sourceTree = "<group>"; };
		BD40718B25991B4D00E01183 /* Info.plist */ = {isa = PBXFileReference; lastKnownFileType = text.plist.xml; path = Info.plist; sourceTree = "<group>"; };
		BDE317BB259A103000753700 /* CapsuleText.swift */ = {isa = PBXFileReference; lastKnownFileType = sourcecode.swift; path = CapsuleText.swift; sourceTree = "<group>"; };
		BDE317CB259A129100753700 /* Title.swift */ = {isa = PBXFileReference; lastKnownFileType = sourcecode.swift; path = Title.swift; sourceTree = "<group>"; };
		BDE317E2259A69A900753700 /* Heading.swift */ = {isa = PBXFileReference; lastKnownFileType = sourcecode.swift; path = Heading.swift; sourceTree = "<group>"; };
/* End PBXFileReference section */

/* Begin PBXFrameworksBuildPhase section */
		BD40716725991B4C00E01183 /* Frameworks */ = {
			isa = PBXFrameworksBuildPhase;
			buildActionMask = 2147483647;
			files = (
			);
			runOnlyForDeploymentPostprocessing = 0;
		};
		BD40716F25991B4D00E01183 /* Frameworks */ = {
			isa = PBXFrameworksBuildPhase;
			buildActionMask = 2147483647;
			files = (
			);
			runOnlyForDeploymentPostprocessing = 0;
		};
		BD40717725991B4D00E01183 /* Frameworks */ = {
			isa = PBXFrameworksBuildPhase;
			buildActionMask = 2147483647;
			files = (
			);
			runOnlyForDeploymentPostprocessing = 0;
		};
		BD40718225991B4D00E01183 /* Frameworks */ = {
			isa = PBXFrameworksBuildPhase;
			buildActionMask = 2147483647;
			files = (
			);
			runOnlyForDeploymentPostprocessing = 0;
		};
/* End PBXFrameworksBuildPhase section */

/* Begin PBXGroup section */
		BD40715D25991B4B00E01183 = {
			isa = PBXGroup;
			children = (
				BD40716225991B4C00E01183 /* Shared */,
				BD40716C25991B4C00E01183 /* iOS */,
				BD40717325991B4D00E01183 /* macOS */,
				BD40717D25991B4D00E01183 /* Tests iOS */,
				BD40718825991B4D00E01183 /* Tests macOS */,
				BD40716B25991B4C00E01183 /* Products */,
			);
			sourceTree = "<group>";
		};
		BD40716225991B4C00E01183 /* Shared */ = {
			isa = PBXGroup;
			children = (
				BDE317D2259A12D500753700 /* Modifiers */,
				BD40716325991B4C00E01183 /* ViewsAndModifiersApp.swift */,
				BD40716425991B4C00E01183 /* ContentView.swift */,
				BD40716525991B4C00E01183 /* Assets.xcassets */,
			);
			path = Shared;
			sourceTree = "<group>";
		};
		BD40716B25991B4C00E01183 /* Products */ = {
			isa = PBXGroup;
			children = (
				BD40716A25991B4C00E01183 /* ViewsAndModifiers.app */,
				BD40717225991B4D00E01183 /* ViewsAndModifiers.app */,
				BD40717A25991B4D00E01183 /* Tests iOS.xctest */,
				BD40718525991B4D00E01183 /* Tests macOS.xctest */,
			);
			name = Products;
			sourceTree = "<group>";
		};
		BD40716C25991B4C00E01183 /* iOS */ = {
			isa = PBXGroup;
			children = (
				BD40716D25991B4C00E01183 /* Info.plist */,
			);
			path = iOS;
			sourceTree = "<group>";
		};
		BD40717325991B4D00E01183 /* macOS */ = {
			isa = PBXGroup;
			children = (
				BD40717425991B4D00E01183 /* Info.plist */,
				BD40717525991B4D00E01183 /* macOS.entitlements */,
			);
			path = macOS;
			sourceTree = "<group>";
		};
		BD40717D25991B4D00E01183 /* Tests iOS */ = {
			isa = PBXGroup;
			children = (
				BD40717E25991B4D00E01183 /* Tests_iOS.swift */,
				BD40718025991B4D00E01183 /* Info.plist */,
			);
			path = "Tests iOS";
			sourceTree = "<group>";
		};
		BD40718825991B4D00E01183 /* Tests macOS */ = {
			isa = PBXGroup;
			children = (
				BD40718925991B4D00E01183 /* Tests_macOS.swift */,
				BD40718B25991B4D00E01183 /* Info.plist */,
			);
			path = "Tests macOS";
			sourceTree = "<group>";
		};
		BDE317D2259A12D500753700 /* Modifiers */ = {
			isa = PBXGroup;
			children = (
				BDE317BB259A103000753700 /* CapsuleText.swift */,
				BDE317CB259A129100753700 /* Title.swift */,
				BDE317E2259A69A900753700 /* Heading.swift */,
			);
			name = Modifiers;
			sourceTree = "<group>";
		};
/* End PBXGroup section */

/* Begin PBXNativeTarget section */
		BD40716925991B4C00E01183 /* ViewsAndModifiers (iOS) */ = {
			isa = PBXNativeTarget;
			buildConfigurationList = BD40719425991B4D00E01183 /* Build configuration list for PBXNativeTarget "ViewsAndModifiers (iOS)" */;
			buildPhases = (
				BD40716625991B4C00E01183 /* Sources */,
				BD40716725991B4C00E01183 /* Frameworks */,
				BD40716825991B4C00E01183 /* Resources */,
			);
			buildRules = (
			);
			dependencies = (
			);
			name = "ViewsAndModifiers (iOS)";
			productName = "ViewsAndModifiers (iOS)";
			productReference = BD40716A25991B4C00E01183 /* ViewsAndModifiers.app */;
			productType = "com.apple.product-type.application";
		};
		BD40717125991B4D00E01183 /* ViewsAndModifiers (macOS) */ = {
			isa = PBXNativeTarget;
			buildConfigurationList = BD40719725991B4D00E01183 /* Build configuration list for PBXNativeTarget "ViewsAndModifiers (macOS)" */;
			buildPhases = (
				BD40716E25991B4D00E01183 /* Sources */,
				BD40716F25991B4D00E01183 /* Frameworks */,
				BD40717025991B4D00E01183 /* Resources */,
			);
			buildRules = (
			);
			dependencies = (
			);
			name = "ViewsAndModifiers (macOS)";
			productName = "ViewsAndModifiers (macOS)";
			productReference = BD40717225991B4D00E01183 /* ViewsAndModifiers.app */;
			productType = "com.apple.product-type.application";
		};
		BD40717925991B4D00E01183 /* Tests iOS */ = {
			isa = PBXNativeTarget;
			buildConfigurationList = BD40719A25991B4D00E01183 /* Build configuration list for PBXNativeTarget "Tests iOS" */;
			buildPhases = (
				BD40717625991B4D00E01183 /* Sources */,
				BD40717725991B4D00E01183 /* Frameworks */,
				BD40717825991B4D00E01183 /* Resources */,
			);
			buildRules = (
			);
			dependencies = (
				BD40717C25991B4D00E01183 /* PBXTargetDependency */,
			);
			name = "Tests iOS";
			productName = "Tests iOS";
			productReference = BD40717A25991B4D00E01183 /* Tests iOS.xctest */;
			productType = "com.apple.product-type.bundle.ui-testing";
		};
		BD40718425991B4D00E01183 /* Tests macOS */ = {
			isa = PBXNativeTarget;
			buildConfigurationList = BD40719D25991B4D00E01183 /* Build configuration list for PBXNativeTarget "Tests macOS" */;
			buildPhases = (
				BD40718125991B4D00E01183 /* Sources */,
				BD40718225991B4D00E01183 /* Frameworks */,
				BD40718325991B4D00E01183 /* Resources */,
			);
			buildRules = (
			);
			dependencies = (
				BD40718725991B4D00E01183 /* PBXTargetDependency */,
			);
			name = "Tests macOS";
			productName = "Tests macOS";
			productReference = BD40718525991B4D00E01183 /* Tests macOS.xctest */;
			productType = "com.apple.product-type.bundle.ui-testing";
		};
/* End PBXNativeTarget section */

/* Begin PBXProject section */
		BD40715E25991B4B00E01183 /* Project object */ = {
			isa = PBXProject;
			attributes = {
				LastSwiftUpdateCheck = 1230;
				LastUpgradeCheck = 1230;
				TargetAttributes = {
					BD40716925991B4C00E01183 = {
						CreatedOnToolsVersion = 12.3;
					};
					BD40717125991B4D00E01183 = {
						CreatedOnToolsVersion = 12.3;
					};
					BD40717925991B4D00E01183 = {
						CreatedOnToolsVersion = 12.3;
						TestTargetID = BD40716925991B4C00E01183;
					};
					BD40718425991B4D00E01183 = {
						CreatedOnToolsVersion = 12.3;
						TestTargetID = BD40717125991B4D00E01183;
					};
				};
			};
			buildConfigurationList = BD40716125991B4B00E01183 /* Build configuration list for PBXProject "ViewsAndModifiers" */;
			compatibilityVersion = "Xcode 9.3";
			developmentRegion = en;
			hasScannedForEncodings = 0;
			knownRegions = (
				en,
				Base,
			);
			mainGroup = BD40715D25991B4B00E01183;
			productRefGroup = BD40716B25991B4C00E01183 /* Products */;
			projectDirPath = "";
			projectRoot = "";
			targets = (
				BD40716925991B4C00E01183 /* ViewsAndModifiers (iOS) */,
				BD40717125991B4D00E01183 /* ViewsAndModifiers (macOS) */,
				BD40717925991B4D00E01183 /* Tests iOS */,
				BD40718425991B4D00E01183 /* Tests macOS */,
			);
		};
/* End PBXProject section */

/* Begin PBXResourcesBuildPhase section */
		BD40716825991B4C00E01183 /* Resources */ = {
			isa = PBXResourcesBuildPhase;
			buildActionMask = 2147483647;
			files = (
				BD40719025991B4D00E01183 /* Assets.xcassets in Resources */,
			);
			runOnlyForDeploymentPostprocessing = 0;
		};
		BD40717025991B4D00E01183 /* Resources */ = {
			isa = PBXResourcesBuildPhase;
			buildActionMask = 2147483647;
			files = (
				BD40719125991B4D00E01183 /* Assets.xcassets in Resources */,
			);
			runOnlyForDeploymentPostprocessing = 0;
		};
		BD40717825991B4D00E01183 /* Resources */ = {
			isa = PBXResourcesBuildPhase;
			buildActionMask = 2147483647;
			files = (
			);
			runOnlyForDeploymentPostprocessing = 0;
		};
		BD40718325991B4D00E01183 /* Resources */ = {
			isa = PBXResourcesBuildPhase;
			buildActionMask = 2147483647;
			files = (
			);
			runOnlyForDeploymentPostprocessing = 0;
		};
/* End PBXResourcesBuildPhase section */

/* Begin PBXSourcesBuildPhase section */
		BD40716625991B4C00E01183 /* Sources */ = {
			isa = PBXSourcesBuildPhase;
			buildActionMask = 2147483647;
			files = (
				BDE317CC259A129100753700 /* Title.swift in Sources */,
				BD40718E25991B4D00E01183 /* ContentView.swift in Sources */,
				BD40718C25991B4D00E01183 /* ViewsAndModifiersApp.swift in Sources */,
				BDE317BC259A103000753700 /* CapsuleText.swift in Sources */,
				BDE317E3259A69A900753700 /* Heading.swift in Sources */,
			);
			runOnlyForDeploymentPostprocessing = 0;
		};
		BD40716E25991B4D00E01183 /* Sources */ = {
			isa = PBXSourcesBuildPhase;
			buildActionMask = 2147483647;
			files = (
				BDE317CD259A129100753700 /* Title.swift in Sources */,
				BD40718F25991B4D00E01183 /* ContentView.swift in Sources */,
				BD40718D25991B4D00E01183 /* ViewsAndModifiersApp.swift in Sources */,
				BDE317BD259A103000753700 /* CapsuleText.swift in Sources */,
				BDE317E4259A69A900753700 /* Heading.swift in Sources */,
			);
			runOnlyForDeploymentPostprocessing = 0;
		};
		BD40717625991B4D00E01183 /* Sources */ = {
			isa = PBXSourcesBuildPhase;
			buildActionMask = 2147483647;
			files = (
				BD40717F25991B4D00E01183 /* Tests_iOS.swift in Sources */,
			);
			runOnlyForDeploymentPostprocessing = 0;
		};
		BD40718125991B4D00E01183 /* Sources */ = {
			isa = PBXSourcesBuildPhase;
			buildActionMask = 2147483647;
			files = (
				BD40718A25991B4D00E01183 /* Tests_macOS.swift in Sources */,
			);
			runOnlyForDeploymentPostprocessing = 0;
		};
/* End PBXSourcesBuildPhase section */

/* Begin PBXTargetDependency section */
		BD40717C25991B4D00E01183 /* PBXTargetDependency */ = {
			isa = PBXTargetDependency;
			target = BD40716925991B4C00E01183 /* ViewsAndModifiers (iOS) */;
			targetProxy = BD40717B25991B4D00E01183 /* PBXContainerItemProxy */;
		};
		BD40718725991B4D00E01183 /* PBXTargetDependency */ = {
			isa = PBXTargetDependency;
			target = BD40717125991B4D00E01183 /* ViewsAndModifiers (macOS) */;
			targetProxy = BD40718625991B4D00E01183 /* PBXContainerItemProxy */;
		};
/* End PBXTargetDependency section */

/* Begin XCBuildConfiguration section */
		BD40719225991B4D00E01183 /* Debug */ = {
			isa = XCBuildConfiguration;
			buildSettings = {
				ALWAYS_SEARCH_USER_PATHS = NO;
				CLANG_ANALYZER_NONNULL = YES;
				CLANG_ANALYZER_NUMBER_OBJECT_CONVERSION = YES_AGGRESSIVE;
				CLANG_CXX_LANGUAGE_STANDARD = "gnu++14";
				CLANG_CXX_LIBRARY = "libc++";
				CLANG_ENABLE_MODULES = YES;
				CLANG_ENABLE_OBJC_ARC = YES;
				CLANG_ENABLE_OBJC_WEAK = YES;
				CLANG_WARN_BLOCK_CAPTURE_AUTORELEASING = YES;
				CLANG_WARN_BOOL_CONVERSION = YES;
				CLANG_WARN_COMMA = YES;
				CLANG_WARN_CONSTANT_CONVERSION = YES;
				CLANG_WARN_DEPRECATED_OBJC_IMPLEMENTATIONS = YES;
				CLANG_WARN_DIRECT_OBJC_ISA_USAGE = YES_ERROR;
				CLANG_WARN_DOCUMENTATION_COMMENTS = YES;
				CLANG_WARN_EMPTY_BODY = YES;
				CLANG_WARN_ENUM_CONVERSION = YES;
				CLANG_WARN_INFINITE_RECURSION = YES;
				CLANG_WARN_INT_CONVERSION = YES;
				CLANG_WARN_NON_LITERAL_NULL_CONVERSION = YES;
				CLANG_WARN_OBJC_IMPLICIT_RETAIN_SELF = YES;
				CLANG_WARN_OBJC_LITERAL_CONVERSION = YES;
				CLANG_WARN_OBJC_ROOT_CLASS = YES_ERROR;
				CLANG_WARN_QUOTED_INCLUDE_IN_FRAMEWORK_HEADER = YES;
				CLANG_WARN_RANGE_LOOP_ANALYSIS = YES;
				CLANG_WARN_STRICT_PROTOTYPES = YES;
				CLANG_WARN_SUSPICIOUS_MOVE = YES;
				CLANG_WARN_UNGUARDED_AVAILABILITY = YES_AGGRESSIVE;
				CLANG_WARN_UNREACHABLE_CODE = YES;
				CLANG_WARN__DUPLICATE_METHOD_MATCH = YES;
				COPY_PHASE_STRIP = NO;
				DEBUG_INFORMATION_FORMAT = dwarf;
				ENABLE_STRICT_OBJC_MSGSEND = YES;
				ENABLE_TESTABILITY = YES;
				GCC_C_LANGUAGE_STANDARD = gnu11;
				GCC_DYNAMIC_NO_PIC = NO;
				GCC_NO_COMMON_BLOCKS = YES;
				GCC_OPTIMIZATION_LEVEL = 0;
				GCC_PREPROCESSOR_DEFINITIONS = (
					"DEBUG=1",
					"$(inherited)",
				);
				GCC_WARN_64_TO_32_BIT_CONVERSION = YES;
				GCC_WARN_ABOUT_RETURN_TYPE = YES_ERROR;
				GCC_WARN_UNDECLARED_SELECTOR = YES;
				GCC_WARN_UNINITIALIZED_AUTOS = YES_AGGRESSIVE;
				GCC_WARN_UNUSED_FUNCTION = YES;
				GCC_WARN_UNUSED_VARIABLE = YES;
				MTL_ENABLE_DEBUG_INFO = INCLUDE_SOURCE;
				MTL_FAST_MATH = YES;
				ONLY_ACTIVE_ARCH = YES;
				SWIFT_ACTIVE_COMPILATION_CONDITIONS = DEBUG;
				SWIFT_OPTIMIZATION_LEVEL = "-Onone";
			};
			name = Debug;
		};
		BD40719325991B4D00E01183 /* Release */ = {
			isa = XCBuildConfiguration;
			buildSettings = {
				ALWAYS_SEARCH_USER_PATHS = NO;
				CLANG_ANALYZER_NONNULL = YES;
				CLANG_ANALYZER_NUMBER_OBJECT_CONVERSION = YES_AGGRESSIVE;
				CLANG_CXX_LANGUAGE_STANDARD = "gnu++14";
				CLANG_CXX_LIBRARY = "libc++";
				CLANG_ENABLE_MODULES = YES;
				CLANG_ENABLE_OBJC_ARC = YES;
				CLANG_ENABLE_OBJC_WEAK = YES;
				CLANG_WARN_BLOCK_CAPTURE_AUTORELEASING = YES;
				CLANG_WARN_BOOL_CONVERSION = YES;
				CLANG_WARN_COMMA = YES;
				CLANG_WARN_CONSTANT_CONVERSION = YES;
				CLANG_WARN_DEPRECATED_OBJC_IMPLEMENTATIONS = YES;
				CLANG_WARN_DIRECT_OBJC_ISA_USAGE = YES_ERROR;
				CLANG_WARN_DOCUMENTATION_COMMENTS = YES;
				CLANG_WARN_EMPTY_BODY = YES;
				CLANG_WARN_ENUM_CONVERSION = YES;
				CLANG_WARN_INFINITE_RECURSION = YES;
				CLANG_WARN_INT_CONVERSION = YES;
				CLANG_WARN_NON_LITERAL_NULL_CONVERSION = YES;
				CLANG_WARN_OBJC_IMPLICIT_RETAIN_SELF = YES;
				CLANG_WARN_OBJC_LITERAL_CONVERSION = YES;
				CLANG_WARN_OBJC_ROOT_CLASS = YES_ERROR;
				CLANG_WARN_QUOTED_INCLUDE_IN_FRAMEWORK_HEADER = YES;
				CLANG_WARN_RANGE_LOOP_ANALYSIS = YES;
				CLANG_WARN_STRICT_PROTOTYPES = YES;
				CLANG_WARN_SUSPICIOUS_MOVE = YES;
				CLANG_WARN_UNGUARDED_AVAILABILITY = YES_AGGRESSIVE;
				CLANG_WARN_UNREACHABLE_CODE = YES;
				CLANG_WARN__DUPLICATE_METHOD_MATCH = YES;
				COPY_PHASE_STRIP = NO;
				DEBUG_INFORMATION_FORMAT = "dwarf-with-dsym";
				ENABLE_NS_ASSERTIONS = NO;
				ENABLE_STRICT_OBJC_MSGSEND = YES;
				GCC_C_LANGUAGE_STANDARD = gnu11;
				GCC_NO_COMMON_BLOCKS = YES;
				GCC_WARN_64_TO_32_BIT_CONVERSION = YES;
				GCC_WARN_ABOUT_RETURN_TYPE = YES_ERROR;
				GCC_WARN_UNDECLARED_SELECTOR = YES;
				GCC_WARN_UNINITIALIZED_AUTOS = YES_AGGRESSIVE;
				GCC_WARN_UNUSED_FUNCTION = YES;
				GCC_WARN_UNUSED_VARIABLE = YES;
				MTL_ENABLE_DEBUG_INFO = NO;
				MTL_FAST_MATH = YES;
				SWIFT_COMPILATION_MODE = wholemodule;
				SWIFT_OPTIMIZATION_LEVEL = "-O";
			};
			name = Release;
		};
		BD40719525991B4D00E01183 /* Debug */ = {
			isa = XCBuildConfiguration;
			buildSettings = {
				ASSETCATALOG_COMPILER_APPICON_NAME = AppIcon;
				ASSETCATALOG_COMPILER_GLOBAL_ACCENT_COLOR_NAME = AccentColor;
				CODE_SIGN_STYLE = Automatic;
				DEVELOPMENT_TEAM = CB29M8E526;
				ENABLE_PREVIEWS = YES;
				INFOPLIST_FILE = iOS/Info.plist;
				IPHONEOS_DEPLOYMENT_TARGET = 14.0;
				LD_RUNPATH_SEARCH_PATHS = (
					"$(inherited)",
					"@executable_path/Frameworks",
				);
				PRODUCT_BUNDLE_IDENTIFIER = co.za.jonathancopeland.ViewsAndModifiers;
				PRODUCT_NAME = ViewsAndModifiers;
				SDKROOT = iphoneos;
				SWIFT_VERSION = 5.0;
				TARGETED_DEVICE_FAMILY = "1,2";
			};
			name = Debug;
		};
		BD40719625991B4D00E01183 /* Release */ = {
			isa = XCBuildConfiguration;
			buildSettings = {
				ASSETCATALOG_COMPILER_APPICON_NAME = AppIcon;
				ASSETCATALOG_COMPILER_GLOBAL_ACCENT_COLOR_NAME = AccentColor;
				CODE_SIGN_STYLE = Automatic;
				DEVELOPMENT_TEAM = CB29M8E526;
				ENABLE_PREVIEWS = YES;
				INFOPLIST_FILE = iOS/Info.plist;
				IPHONEOS_DEPLOYMENT_TARGET = 14.0;
				LD_RUNPATH_SEARCH_PATHS = (
					"$(inherited)",
					"@executable_path/Frameworks",
				);
				PRODUCT_BUNDLE_IDENTIFIER = co.za.jonathancopeland.ViewsAndModifiers;
				PRODUCT_NAME = ViewsAndModifiers;
				SDKROOT = iphoneos;
				SWIFT_VERSION = 5.0;
				TARGETED_DEVICE_FAMILY = "1,2";
				VALIDATE_PRODUCT = YES;
			};
			name = Release;
		};
		BD40719825991B4D00E01183 /* Debug */ = {
			isa = XCBuildConfiguration;
			buildSettings = {
				ASSETCATALOG_COMPILER_APPICON_NAME = AppIcon;
				ASSETCATALOG_COMPILER_GLOBAL_ACCENT_COLOR_NAME = AccentColor;
				CODE_SIGN_ENTITLEMENTS = macOS/macOS.entitlements;
				CODE_SIGN_STYLE = Automatic;
				COMBINE_HIDPI_IMAGES = YES;
				DEVELOPMENT_TEAM = CB29M8E526;
				ENABLE_HARDENED_RUNTIME = YES;
				ENABLE_PREVIEWS = YES;
				INFOPLIST_FILE = macOS/Info.plist;
				LD_RUNPATH_SEARCH_PATHS = (
					"$(inherited)",
					"@executable_path/../Frameworks",
				);
				MACOSX_DEPLOYMENT_TARGET = 11.0;
				PRODUCT_BUNDLE_IDENTIFIER = co.za.jonathancopeland.ViewsAndModifiers;
				PRODUCT_NAME = ViewsAndModifiers;
				SDKROOT = macosx;
				SWIFT_VERSION = 5.0;
			};
			name = Debug;
		};
		BD40719925991B4D00E01183 /* Release */ = {
			isa = XCBuildConfiguration;
			buildSettings = {
				ASSETCATALOG_COMPILER_APPICON_NAME = AppIcon;
				ASSETCATALOG_COMPILER_GLOBAL_ACCENT_COLOR_NAME = AccentColor;
				CODE_SIGN_ENTITLEMENTS = macOS/macOS.entitlements;
				CODE_SIGN_STYLE = Automatic;
				COMBINE_HIDPI_IMAGES = YES;
				DEVELOPMENT_TEAM = CB29M8E526;
				ENABLE_HARDENED_RUNTIME = YES;
				ENABLE_PREVIEWS = YES;
				INFOPLIST_FILE = macOS/Info.plist;
				LD_RUNPATH_SEARCH_PATHS = (
					"$(inherited)",
					"@executable_path/../Frameworks",
				);
				MACOSX_DEPLOYMENT_TARGET = 11.0;
				PRODUCT_BUNDLE_IDENTIFIER = co.za.jonathancopeland.ViewsAndModifiers;
				PRODUCT_NAME = ViewsAndModifiers;
				SDKROOT = macosx;
				SWIFT_VERSION = 5.0;
			};
			name = Release;
		};
		BD40719B25991B4D00E01183 /* Debug */ = {
			isa = XCBuildConfiguration;
			buildSettings = {
				ALWAYS_EMBED_SWIFT_STANDARD_LIBRARIES = YES;
				CODE_SIGN_STYLE = Automatic;
				DEVELOPMENT_TEAM = CB29M8E526;
				INFOPLIST_FILE = "Tests iOS/Info.plist";
				IPHONEOS_DEPLOYMENT_TARGET = 14.3;
				LD_RUNPATH_SEARCH_PATHS = (
					"$(inherited)",
					"@executable_path/Frameworks",
					"@loader_path/Frameworks",
				);
				PRODUCT_BUNDLE_IDENTIFIER = "co.za.jonathancopeland.Tests-iOS";
				PRODUCT_NAME = "$(TARGET_NAME)";
				SDKROOT = iphoneos;
				SWIFT_VERSION = 5.0;
				TARGETED_DEVICE_FAMILY = "1,2";
				TEST_TARGET_NAME = "ViewsAndModifiers (iOS)";
			};
			name = Debug;
		};
		BD40719C25991B4D00E01183 /* Release */ = {
			isa = XCBuildConfiguration;
			buildSettings = {
				ALWAYS_EMBED_SWIFT_STANDARD_LIBRARIES = YES;
				CODE_SIGN_STYLE = Automatic;
				DEVELOPMENT_TEAM = CB29M8E526;
				INFOPLIST_FILE = "Tests iOS/Info.plist";
				IPHONEOS_DEPLOYMENT_TARGET = 14.3;
				LD_RUNPATH_SEARCH_PATHS = (
					"$(inherited)",
					"@executable_path/Frameworks",
					"@loader_path/Frameworks",
				);
				PRODUCT_BUNDLE_IDENTIFIER = "co.za.jonathancopeland.Tests-iOS";
				PRODUCT_NAME = "$(TARGET_NAME)";
				SDKROOT = iphoneos;
				SWIFT_VERSION = 5.0;
				TARGETED_DEVICE_FAMILY = "1,2";
				TEST_TARGET_NAME = "ViewsAndModifiers (iOS)";
				VALIDATE_PRODUCT = YES;
			};
			name = Release;
		};
		BD40719E25991B4D00E01183 /* Debug */ = {
			isa = XCBuildConfiguration;
			buildSettings = {
				ALWAYS_EMBED_SWIFT_STANDARD_LIBRARIES = YES;
				CODE_SIGN_STYLE = Automatic;
				COMBINE_HIDPI_IMAGES = YES;
				DEVELOPMENT_TEAM = CB29M8E526;
				INFOPLIST_FILE = "Tests macOS/Info.plist";
				LD_RUNPATH_SEARCH_PATHS = (
					"$(inherited)",
					"@executable_path/../Frameworks",
					"@loader_path/../Frameworks",
				);
				MACOSX_DEPLOYMENT_TARGET = 11.1;
				PRODUCT_BUNDLE_IDENTIFIER = "co.za.jonathancopeland.Tests-macOS";
				PRODUCT_NAME = "$(TARGET_NAME)";
				SDKROOT = macosx;
				SWIFT_VERSION = 5.0;
				TEST_TARGET_NAME = "ViewsAndModifiers (macOS)";
			};
			name = Debug;
		};
		BD40719F25991B4D00E01183 /* Release */ = {
			isa = XCBuildConfiguration;
			buildSettings = {
				ALWAYS_EMBED_SWIFT_STANDARD_LIBRARIES = YES;
				CODE_SIGN_STYLE = Automatic;
				COMBINE_HIDPI_IMAGES = YES;
				DEVELOPMENT_TEAM = CB29M8E526;
				INFOPLIST_FILE = "Tests macOS/Info.plist";
				LD_RUNPATH_SEARCH_PATHS = (
					"$(inherited)",
					"@executable_path/../Frameworks",
					"@loader_path/../Frameworks",
				);
				MACOSX_DEPLOYMENT_TARGET = 11.1;
				PRODUCT_BUNDLE_IDENTIFIER = "co.za.jonathancopeland.Tests-macOS";
				PRODUCT_NAME = "$(TARGET_NAME)";
				SDKROOT = macosx;
				SWIFT_VERSION = 5.0;
				TEST_TARGET_NAME = "ViewsAndModifiers (macOS)";
			};
			name = Release;
		};
/* End XCBuildConfiguration section */

/* Begin XCConfigurationList section */
		BD40716125991B4B00E01183 /* Build configuration list for PBXProject "ViewsAndModifiers" */ = {
			isa = XCConfigurationList;
			buildConfigurations = (
				BD40719225991B4D00E01183 /* Debug */,
				BD40719325991B4D00E01183 /* Release */,
			);
			defaultConfigurationIsVisible = 0;
			defaultConfigurationName = Release;
		};
		BD40719425991B4D00E01183 /* Build configuration list for PBXNativeTarget "ViewsAndModifiers (iOS)" */ = {
			isa = XCConfigurationList;
			buildConfigurations = (
				BD40719525991B4D00E01183 /* Debug */,
				BD40719625991B4D00E01183 /* Release */,
			);
			defaultConfigurationIsVisible = 0;
			defaultConfigurationName = Release;
		};
		BD40719725991B4D00E01183 /* Build configuration list for PBXNativeTarget "ViewsAndModifiers (macOS)" */ = {
			isa = XCConfigurationList;
			buildConfigurations = (
				BD40719825991B4D00E01183 /* Debug */,
				BD40719925991B4D00E01183 /* Release */,
			);
			defaultConfigurationIsVisible = 0;
			defaultConfigurationName = Release;
		};
		BD40719A25991B4D00E01183 /* Build configuration list for PBXNativeTarget "Tests iOS" */ = {
			isa = XCConfigurationList;
			buildConfigurations = (
				BD40719B25991B4D00E01183 /* Debug */,
				BD40719C25991B4D00E01183 /* Release */,
			);
			defaultConfigurationIsVisible = 0;
			defaultConfigurationName = Release;
		};
		BD40719D25991B4D00E01183 /* Build configuration list for PBXNativeTarget "Tests macOS" */ = {
			isa = XCConfigurationList;
			buildConfigurations = (
				BD40719E25991B4D00E01183 /* Debug */,
				BD40719F25991B4D00E01183 /* Release */,
			);
			defaultConfigurationIsVisible = 0;
			defaultConfigurationName = Release;
		};
/* End XCConfigurationList section */
	};
	rootObject = BD40715E25991B4B00E01183 /* Project object */;
}
