// !$*UTF8*$!
{
	archiveVersion = 1;
	classes = {
	};
	objectVersion = 56;
	objects = {

/* Begin PBXBuildFile section */
		BDCE750C2A00EA7B007F8990 /* FriendFaceCoreDataApp.swift in Sources */ = {isa = PBXBuildFile; fileRef = BDCE750B2A00EA7B007F8990 /* FriendFaceCoreDataApp.swift */; };
		BDCE750E2A00EA7B007F8990 /* ContentView.swift in Sources */ = {isa = PBXBuildFile; fileRef = BDCE750D2A00EA7B007F8990 /* ContentView.swift */; };
		BDCE75102A00EA7D007F8990 /* Assets.xcassets in Resources */ = {isa = PBXBuildFile; fileRef = BDCE750F2A00EA7D007F8990 /* Assets.xcassets */; };
		BDCE75132A00EA7D007F8990 /* Preview Assets.xcassets in Resources */ = {isa = PBXBuildFile; fileRef = BDCE75122A00EA7D007F8990 /* Preview Assets.xcassets */; };
		BDCE751A2A00EAA7007F8990 /* UserView.swift in Sources */ = {isa = PBXBuildFile; fileRef = BDCE75192A00EAA7007F8990 /* UserView.swift */; };
		BDCE751C2A00EAB4007F8990 /* User.swift in Sources */ = {isa = PBXBuildFile; fileRef = BDCE751B2A00EAB4007F8990 /* User.swift */; };
		BDCE751E2A00EAC7007F8990 /* Friend.swift in Sources */ = {isa = PBXBuildFile; fileRef = BDCE751D2A00EAC7007F8990 /* Friend.swift */; };
		BDCE75202A00EADA007F8990 /* Bundle-Decodable.swift in Sources */ = {isa = PBXBuildFile; fileRef = BDCE751F2A00EADA007F8990 /* Bundle-Decodable.swift */; };
		BDCE75232A00EB48007F8990 /* UserData.xcdatamodeld in Sources */ = {isa = PBXBuildFile; fileRef = BDCE75212A00EB48007F8990 /* UserData.xcdatamodeld */; };
		BDCE75252A00EE01007F8990 /* DataController.swift in Sources */ = {isa = PBXBuildFile; fileRef = BDCE75242A00EE01007F8990 /* DataController.swift */; };
		BDCE752A2A00F038007F8990 /* CachedFriend+CoreDataClass.swift in Sources */ = {isa = PBXBuildFile; fileRef = BDCE75262A00F038007F8990 /* CachedFriend+CoreDataClass.swift */; };
		BDCE752B2A00F038007F8990 /* CachedFriend+CoreDataProperties.swift in Sources */ = {isa = PBXBuildFile; fileRef = BDCE75272A00F038007F8990 /* CachedFriend+CoreDataProperties.swift */; };
		BDCE752C2A00F038007F8990 /* CachedUser+CoreDataClass.swift in Sources */ = {isa = PBXBuildFile; fileRef = BDCE75282A00F038007F8990 /* CachedUser+CoreDataClass.swift */; };
		BDCE752D2A00F038007F8990 /* CachedUser+CoreDataProperties.swift in Sources */ = {isa = PBXBuildFile; fileRef = BDCE75292A00F038007F8990 /* CachedUser+CoreDataProperties.swift */; };
/* End PBXBuildFile section */

/* Begin PBXFileReference section */
		BDCE75082A00EA7B007F8990 /* FriendFaceCoreData.app */ = {isa = PBXFileReference; explicitFileType = wrapper.application; includeInIndex = 0; path = FriendFaceCoreData.app; sourceTree = BUILT_PRODUCTS_DIR; };
		BDCE750B2A00EA7B007F8990 /* FriendFaceCoreDataApp.swift */ = {isa = PBXFileReference; lastKnownFileType = sourcecode.swift; path = FriendFaceCoreDataApp.swift; sourceTree = "<group>"; };
		BDCE750D2A00EA7B007F8990 /* ContentView.swift */ = {isa = PBXFileReference; lastKnownFileType = sourcecode.swift; path = ContentView.swift; sourceTree = "<group>"; };
		BDCE750F2A00EA7D007F8990 /* Assets.xcassets */ = {isa = PBXFileReference; lastKnownFileType = folder.assetcatalog; path = Assets.xcassets; sourceTree = "<group>"; };
		BDCE75122A00EA7D007F8990 /* Preview Assets.xcassets */ = {isa = PBXFileReference; lastKnownFileType = folder.assetcatalog; path = "Preview Assets.xcassets"; sourceTree = "<group>"; };
		BDCE75192A00EAA7007F8990 /* UserView.swift */ = {isa = PBXFileReference; lastKnownFileType = sourcecode.swift; path = UserView.swift; sourceTree = "<group>"; };
		BDCE751B2A00EAB4007F8990 /* User.swift */ = {isa = PBXFileReference; lastKnownFileType = sourcecode.swift; path = User.swift; sourceTree = "<group>"; };
		BDCE751D2A00EAC7007F8990 /* Friend.swift */ = {isa = PBXFileReference; lastKnownFileType = sourcecode.swift; path = Friend.swift; sourceTree = "<group>"; };
		BDCE751F2A00EADA007F8990 /* Bundle-Decodable.swift */ = {isa = PBXFileReference; lastKnownFileType = sourcecode.swift; path = "Bundle-Decodable.swift"; sourceTree = "<group>"; };
		BDCE75222A00EB48007F8990 /* UserData.xcdatamodel */ = {isa = PBXFileReference; lastKnownFileType = wrapper.xcdatamodel; path = UserData.xcdatamodel; sourceTree = "<group>"; };
		BDCE75242A00EE01007F8990 /* DataController.swift */ = {isa = PBXFileReference; lastKnownFileType = sourcecode.swift; path = DataController.swift; sourceTree = "<group>"; };
		BDCE75262A00F038007F8990 /* CachedFriend+CoreDataClass.swift */ = {isa = PBXFileReference; lastKnownFileType = sourcecode.swift; path = "CachedFriend+CoreDataClass.swift"; sourceTree = SOURCE_ROOT; };
		BDCE75272A00F038007F8990 /* CachedFriend+CoreDataProperties.swift */ = {isa = PBXFileReference; lastKnownFileType = sourcecode.swift; path = "CachedFriend+CoreDataProperties.swift"; sourceTree = SOURCE_ROOT; };
		BDCE75282A00F038007F8990 /* CachedUser+CoreDataClass.swift */ = {isa = PBXFileReference; lastKnownFileType = sourcecode.swift; path = "CachedUser+CoreDataClass.swift"; sourceTree = SOURCE_ROOT; };
		BDCE75292A00F038007F8990 /* CachedUser+CoreDataProperties.swift */ = {isa = PBXFileReference; lastKnownFileType = sourcecode.swift; path = "CachedUser+CoreDataProperties.swift"; sourceTree = SOURCE_ROOT; };
/* End PBXFileReference section */

/* Begin PBXFrameworksBuildPhase section */
		BDCE75052A00EA7B007F8990 /* Frameworks */ = {
			isa = PBXFrameworksBuildPhase;
			buildActionMask = 2147483647;
			files = (
			);
			runOnlyForDeploymentPostprocessing = 0;
		};
/* End PBXFrameworksBuildPhase section */

/* Begin PBXGroup section */
		BDCE74FF2A00EA7B007F8990 = {
			isa = PBXGroup;
			children = (
				BDCE750A2A00EA7B007F8990 /* FriendFaceCoreData */,
				BDCE75092A00EA7B007F8990 /* Products */,
			);
			sourceTree = "<group>";
		};
		BDCE75092A00EA7B007F8990 /* Products */ = {
			isa = PBXGroup;
			children = (
				BDCE75082A00EA7B007F8990 /* FriendFaceCoreData.app */,
			);
			name = Products;
			sourceTree = "<group>";
		};
		BDCE750A2A00EA7B007F8990 /* FriendFaceCoreData */ = {
			isa = PBXGroup;
			children = (
				BDCE75262A00F038007F8990 /* CachedFriend+CoreDataClass.swift */,
				BDCE75272A00F038007F8990 /* CachedFriend+CoreDataProperties.swift */,
				BDCE75282A00F038007F8990 /* CachedUser+CoreDataClass.swift */,
				BDCE75292A00F038007F8990 /* CachedUser+CoreDataProperties.swift */,
				BDCE750B2A00EA7B007F8990 /* FriendFaceCoreDataApp.swift */,
				BDCE750D2A00EA7B007F8990 /* ContentView.swift */,
				BDCE75212A00EB48007F8990 /* UserData.xcdatamodeld */,
				BDCE75242A00EE01007F8990 /* DataController.swift */,
				BDCE75192A00EAA7007F8990 /* UserView.swift */,
				BDCE751B2A00EAB4007F8990 /* User.swift */,
				BDCE751D2A00EAC7007F8990 /* Friend.swift */,
				BDCE750F2A00EA7D007F8990 /* Assets.xcassets */,
				BDCE751F2A00EADA007F8990 /* Bundle-Decodable.swift */,
				BDCE75112A00EA7D007F8990 /* Preview Content */,
			);
			path = FriendFaceCoreData;
			sourceTree = "<group>";
		};
		BDCE75112A00EA7D007F8990 /* Preview Content */ = {
			isa = PBXGroup;
			children = (
				BDCE75122A00EA7D007F8990 /* Preview Assets.xcassets */,
			);
			path = "Preview Content";
			sourceTree = "<group>";
		};
/* End PBXGroup section */

/* Begin PBXNativeTarget section */
		BDCE75072A00EA7B007F8990 /* FriendFaceCoreData */ = {
			isa = PBXNativeTarget;
			buildConfigurationList = BDCE75162A00EA7D007F8990 /* Build configuration list for PBXNativeTarget "FriendFaceCoreData" */;
			buildPhases = (
				BDCE75042A00EA7B007F8990 /* Sources */,
				BDCE75052A00EA7B007F8990 /* Frameworks */,
				BDCE75062A00EA7B007F8990 /* Resources */,
			);
			buildRules = (
			);
			dependencies = (
			);
			name = FriendFaceCoreData;
			productName = FriendFaceCoreData;
			productReference = BDCE75082A00EA7B007F8990 /* FriendFaceCoreData.app */;
			productType = "com.apple.product-type.application";
		};
/* End PBXNativeTarget section */

/* Begin PBXProject section */
		BDCE75002A00EA7B007F8990 /* Project object */ = {
			isa = PBXProject;
			attributes = {
				BuildIndependentTargetsInParallel = 1;
				LastSwiftUpdateCheck = 1430;
				LastUpgradeCheck = 1430;
				TargetAttributes = {
					BDCE75072A00EA7B007F8990 = {
						CreatedOnToolsVersion = 14.3;
					};
				};
			};
			buildConfigurationList = BDCE75032A00EA7B007F8990 /* Build configuration list for PBXProject "FriendFaceCoreData" */;
			compatibilityVersion = "Xcode 14.0";
			developmentRegion = en;
			hasScannedForEncodings = 0;
			knownRegions = (
				en,
				Base,
			);
			mainGroup = BDCE74FF2A00EA7B007F8990;
			productRefGroup = BDCE75092A00EA7B007F8990 /* Products */;
			projectDirPath = "";
			projectRoot = "";
			targets = (
				BDCE75072A00EA7B007F8990 /* FriendFaceCoreData */,
			);
		};
/* End PBXProject section */

/* Begin PBXResourcesBuildPhase section */
		BDCE75062A00EA7B007F8990 /* Resources */ = {
			isa = PBXResourcesBuildPhase;
			buildActionMask = 2147483647;
			files = (
				BDCE75132A00EA7D007F8990 /* Preview Assets.xcassets in Resources */,
				BDCE75102A00EA7D007F8990 /* Assets.xcassets in Resources */,
			);
			runOnlyForDeploymentPostprocessing = 0;
		};
/* End PBXResourcesBuildPhase section */

/* Begin PBXSourcesBuildPhase section */
		BDCE75042A00EA7B007F8990 /* Sources */ = {
			isa = PBXSourcesBuildPhase;
			buildActionMask = 2147483647;
			files = (
				BDCE752A2A00F038007F8990 /* CachedFriend+CoreDataClass.swift in Sources */,
				BDCE752B2A00F038007F8990 /* CachedFriend+CoreDataProperties.swift in Sources */,
				BDCE751C2A00EAB4007F8990 /* User.swift in Sources */,
				BDCE750E2A00EA7B007F8990 /* ContentView.swift in Sources */,
				BDCE752D2A00F038007F8990 /* CachedUser+CoreDataProperties.swift in Sources */,
				BDCE751E2A00EAC7007F8990 /* Friend.swift in Sources */,
				BDCE751A2A00EAA7007F8990 /* UserView.swift in Sources */,
				BDCE750C2A00EA7B007F8990 /* FriendFaceCoreDataApp.swift in Sources */,
				BDCE75252A00EE01007F8990 /* DataController.swift in Sources */,
				BDCE752C2A00F038007F8990 /* CachedUser+CoreDataClass.swift in Sources */,
				BDCE75202A00EADA007F8990 /* Bundle-Decodable.swift in Sources */,
				BDCE75232A00EB48007F8990 /* UserData.xcdatamodeld in Sources */,
			);
			runOnlyForDeploymentPostprocessing = 0;
		};
/* End PBXSourcesBuildPhase section */

/* Begin XCBuildConfiguration section */
		BDCE75142A00EA7D007F8990 /* Debug */ = {
			isa = XCBuildConfiguration;
			buildSettings = {
				ALWAYS_SEARCH_USER_PATHS = NO;
				CLANG_ANALYZER_NONNULL = YES;
				CLANG_ANALYZER_NUMBER_OBJECT_CONVERSION = YES_AGGRESSIVE;
				CLANG_CXX_LANGUAGE_STANDARD = "gnu++20";
				CLANG_ENABLE_MODULES = YES;
				CLANG_ENABLE_OBJC_ARC = YES;
				CLANG_ENABLE_OBJC_WEAK = YES;
				CLANG_WARN_BLOCK_CAPTURE_AUTORELEASING = YES;
				CLANG_WARN_BOOL_CONVERSION = YES;
				CLANG_WARN_COMMA = YES;
				CLANG_WARN_CONSTANT_CONVERSION = YES;
				CLANG_WARN_DEPRECATED_OBJC_IMPLEMENTATIONS = YES;
				CLANG_WARN_DIRECT_OBJC_ISA_USAGE = YES_ERROR;
				CLANG_WARN_DOCUMENTATION_COMMENTS = YES;
				CLANG_WARN_EMPTY_BODY = YES;
				CLANG_WARN_ENUM_CONVERSION = YES;
				CLANG_WARN_INFINITE_RECURSION = YES;
				CLANG_WARN_INT_CONVERSION = YES;
				CLANG_WARN_NON_LITERAL_NULL_CONVERSION = YES;
				CLANG_WARN_OBJC_IMPLICIT_RETAIN_SELF = YES;
				CLANG_WARN_OBJC_LITERAL_CONVERSION = YES;
				CLANG_WARN_OBJC_ROOT_CLASS = YES_ERROR;
				CLANG_WARN_QUOTED_INCLUDE_IN_FRAMEWORK_HEADER = YES;
				CLANG_WARN_RANGE_LOOP_ANALYSIS = YES;
				CLANG_WARN_STRICT_PROTOTYPES = YES;
				CLANG_WARN_SUSPICIOUS_MOVE = YES;
				CLANG_WARN_UNGUARDED_AVAILABILITY = YES_AGGRESSIVE;
				CLANG_WARN_UNREACHABLE_CODE = YES;
				CLANG_WARN__DUPLICATE_METHOD_MATCH = YES;
				COPY_PHASE_STRIP = NO;
				DEBUG_INFORMATION_FORMAT = dwarf;
				ENABLE_STRICT_OBJC_MSGSEND = YES;
				ENABLE_TESTABILITY = YES;
				GCC_C_LANGUAGE_STANDARD = gnu11;
				GCC_DYNAMIC_NO_PIC = NO;
				GCC_NO_COMMON_BLOCKS = YES;
				GCC_OPTIMIZATION_LEVEL = 0;
				GCC_PREPROCESSOR_DEFINITIONS = (
					"DEBUG=1",
					"$(inherited)",
				);
				GCC_WARN_64_TO_32_BIT_CONVERSION = YES;
				GCC_WARN_ABOUT_RETURN_TYPE = YES_ERROR;
				GCC_WARN_UNDECLARED_SELECTOR = YES;
				GCC_WARN_UNINITIALIZED_AUTOS = YES_AGGRESSIVE;
				GCC_WARN_UNUSED_FUNCTION = YES;
				GCC_WARN_UNUSED_VARIABLE = YES;
				IPHONEOS_DEPLOYMENT_TARGET = 16.4;
				MTL_ENABLE_DEBUG_INFO = INCLUDE_SOURCE;
				MTL_FAST_MATH = YES;
				ONLY_ACTIVE_ARCH = YES;
				SDKROOT = iphoneos;
				SWIFT_ACTIVE_COMPILATION_CONDITIONS = DEBUG;
				SWIFT_OPTIMIZATION_LEVEL = "-Onone";
			};
			name = Debug;
		};
		BDCE75152A00EA7D007F8990 /* Release */ = {
			isa = XCBuildConfiguration;
			buildSettings = {
				ALWAYS_SEARCH_USER_PATHS = NO;
				CLANG_ANALYZER_NONNULL = YES;
				CLANG_ANALYZER_NUMBER_OBJECT_CONVERSION = YES_AGGRESSIVE;
				CLANG_CXX_LANGUAGE_STANDARD = "gnu++20";
				CLANG_ENABLE_MODULES = YES;
				CLANG_ENABLE_OBJC_ARC = YES;
				CLANG_ENABLE_OBJC_WEAK = YES;
				CLANG_WARN_BLOCK_CAPTURE_AUTORELEASING = YES;
				CLANG_WARN_BOOL_CONVERSION = YES;
				CLANG_WARN_COMMA = YES;
				CLANG_WARN_CONSTANT_CONVERSION = YES;
				CLANG_WARN_DEPRECATED_OBJC_IMPLEMENTATIONS = YES;
				CLANG_WARN_DIRECT_OBJC_ISA_USAGE = YES_ERROR;
				CLANG_WARN_DOCUMENTATION_COMMENTS = YES;
				CLANG_WARN_EMPTY_BODY = YES;
				CLANG_WARN_ENUM_CONVERSION = YES;
				CLANG_WARN_INFINITE_RECURSION = YES;
				CLANG_WARN_INT_CONVERSION = YES;
				CLANG_WARN_NON_LITERAL_NULL_CONVERSION = YES;
				CLANG_WARN_OBJC_IMPLICIT_RETAIN_SELF = YES;
				CLANG_WARN_OBJC_LITERAL_CONVERSION = YES;
				CLANG_WARN_OBJC_ROOT_CLASS = YES_ERROR;
				CLANG_WARN_QUOTED_INCLUDE_IN_FRAMEWORK_HEADER = YES;
				CLANG_WARN_RANGE_LOOP_ANALYSIS = YES;
				CLANG_WARN_STRICT_PROTOTYPES = YES;
				CLANG_WARN_SUSPICIOUS_MOVE = YES;
				CLANG_WARN_UNGUARDED_AVAILABILITY = YES_AGGRESSIVE;
				CLANG_WARN_UNREACHABLE_CODE = YES;
				CLANG_WARN__DUPLICATE_METHOD_MATCH = YES;
				COPY_PHASE_STRIP = NO;
				DEBUG_INFORMATION_FORMAT = "dwarf-with-dsym";
				ENABLE_NS_ASSERTIONS = NO;
				ENABLE_STRICT_OBJC_MSGSEND = YES;
				GCC_C_LANGUAGE_STANDARD = gnu11;
				GCC_NO_COMMON_BLOCKS = YES;
				GCC_WARN_64_TO_32_BIT_CONVERSION = YES;
				GCC_WARN_ABOUT_RETURN_TYPE = YES_ERROR;
				GCC_WARN_UNDECLARED_SELECTOR = YES;
				GCC_WARN_UNINITIALIZED_AUTOS = YES_AGGRESSIVE;
				GCC_WARN_UNUSED_FUNCTION = YES;
				GCC_WARN_UNUSED_VARIABLE = YES;
				IPHONEOS_DEPLOYMENT_TARGET = 16.4;
				MTL_ENABLE_DEBUG_INFO = NO;
				MTL_FAST_MATH = YES;
				SDKROOT = iphoneos;
				SWIFT_COMPILATION_MODE = wholemodule;
				SWIFT_OPTIMIZATION_LEVEL = "-O";
				VALIDATE_PRODUCT = YES;
			};
			name = Release;
		};
		BDCE75172A00EA7D007F8990 /* Debug */ = {
			isa = XCBuildConfiguration;
			buildSettings = {
				ASSETCATALOG_COMPILER_APPICON_NAME = AppIcon;
				ASSETCATALOG_COMPILER_GLOBAL_ACCENT_COLOR_NAME = AccentColor;
				CODE_SIGN_STYLE = Automatic;
				CURRENT_PROJECT_VERSION = 1;
				DEVELOPMENT_ASSET_PATHS = "\"FriendFaceCoreData/Preview Content\"";
				DEVELOPMENT_TEAM = CB29M8E526;
				ENABLE_PREVIEWS = YES;
				GENERATE_INFOPLIST_FILE = YES;
				INFOPLIST_KEY_UIApplicationSceneManifest_Generation = YES;
				INFOPLIST_KEY_UIApplicationSupportsIndirectInputEvents = YES;
				INFOPLIST_KEY_UILaunchScreen_Generation = YES;
				INFOPLIST_KEY_UISupportedInterfaceOrientations_iPad = "UIInterfaceOrientationPortrait UIInterfaceOrientationPortraitUpsideDown UIInterfaceOrientationLandscapeLeft UIInterfaceOrientationLandscapeRight";
				INFOPLIST_KEY_UISupportedInterfaceOrientations_iPhone = "UIInterfaceOrientationPortrait UIInterfaceOrientationLandscapeLeft UIInterfaceOrientationLandscapeRight";
				LD_RUNPATH_SEARCH_PATHS = (
					"$(inherited)",
					"@executable_path/Frameworks",
				);
				MARKETING_VERSION = 1.0;
				PRODUCT_BUNDLE_IDENTIFIER = co.jcopeland.FriendFaceCoreData;
				PRODUCT_NAME = "$(TARGET_NAME)";
				SWIFT_EMIT_LOC_STRINGS = YES;
				SWIFT_VERSION = 5.0;
				TARGETED_DEVICE_FAMILY = "1,2";
			};
			name = Debug;
		};
		BDCE75182A00EA7D007F8990 /* Release */ = {
			isa = XCBuildConfiguration;
			buildSettings = {
				ASSETCATALOG_COMPILER_APPICON_NAME = AppIcon;
				ASSETCATALOG_COMPILER_GLOBAL_ACCENT_COLOR_NAME = AccentColor;
				CODE_SIGN_STYLE = Automatic;
				CURRENT_PROJECT_VERSION = 1;
				DEVELOPMENT_ASSET_PATHS = "\"FriendFaceCoreData/Preview Content\"";
				DEVELOPMENT_TEAM = CB29M8E526;
				ENABLE_PREVIEWS = YES;
				GENERATE_INFOPLIST_FILE = YES;
				INFOPLIST_KEY_UIApplicationSceneManifest_Generation = YES;
				INFOPLIST_KEY_UIApplicationSupportsIndirectInputEvents = YES;
				INFOPLIST_KEY_UILaunchScreen_Generation = YES;
				INFOPLIST_KEY_UISupportedInterfaceOrientations_iPad = "UIInterfaceOrientationPortrait UIInterfaceOrientationPortraitUpsideDown UIInterfaceOrientationLandscapeLeft UIInterfaceOrientationLandscapeRight";
				INFOPLIST_KEY_UISupportedInterfaceOrientations_iPhone = "UIInterfaceOrientationPortrait UIInterfaceOrientationLandscapeLeft UIInterfaceOrientationLandscapeRight";
				LD_RUNPATH_SEARCH_PATHS = (
					"$(inherited)",
					"@executable_path/Frameworks",
				);
				MARKETING_VERSION = 1.0;
				PRODUCT_BUNDLE_IDENTIFIER = co.jcopeland.FriendFaceCoreData;
				PRODUCT_NAME = "$(TARGET_NAME)";
				SWIFT_EMIT_LOC_STRINGS = YES;
				SWIFT_VERSION = 5.0;
				TARGETED_DEVICE_FAMILY = "1,2";
			};
			name = Release;
		};
/* End XCBuildConfiguration section */

/* Begin XCConfigurationList section */
		BDCE75032A00EA7B007F8990 /* Build configuration list for PBXProject "FriendFaceCoreData" */ = {
			isa = XCConfigurationList;
			buildConfigurations = (
				BDCE75142A00EA7D007F8990 /* Debug */,
				BDCE75152A00EA7D007F8990 /* Release */,
			);
			defaultConfigurationIsVisible = 0;
			defaultConfigurationName = Release;
		};
		BDCE75162A00EA7D007F8990 /* Build configuration list for PBXNativeTarget "FriendFaceCoreData" */ = {
			isa = XCConfigurationList;
			buildConfigurations = (
				BDCE75172A00EA7D007F8990 /* Debug */,
				BDCE75182A00EA7D007F8990 /* Release */,
			);
			defaultConfigurationIsVisible = 0;
			defaultConfigurationName = Release;
		};
/* End XCConfigurationList section */

/* Begin XCVersionGroup section */
		BDCE75212A00EB48007F8990 /* UserData.xcdatamodeld */ = {
			isa = XCVersionGroup;
			children = (
				BDCE75222A00EB48007F8990 /* UserData.xcdatamodel */,
			);
			currentVersion = BDCE75222A00EB48007F8990 /* UserData.xcdatamodel */;
			path = UserData.xcdatamodeld;
			sourceTree = "<group>";
			versionGroupType = wrapper.xcdatamodel;
		};
/* End XCVersionGroup section */
	};
	rootObject = BDCE75002A00EA7B007F8990 /* Project object */;
}
