// !$*UTF8*$!
{
	archiveVersion = 1;
	classes = {
	};
	objectVersion = 50;
	objects = {

/* Begin PBXBuildFile section */
		BD82309A259E0A2300156B51 /* Tests_iOS.swift in Sources */ = {isa = PBXBuildFile; fileRef = BD823099259E0A2300156B51 /* Tests_iOS.swift */; };
		BD8230A5259E0A2300156B51 /* Tests_macOS.swift in Sources */ = {isa = PBXBuildFile; fileRef = BD8230A4259E0A2300156B51 /* Tests_macOS.swift */; };
		BD8230A7259E0A2300156B51 /* Challenge_Day_25App.swift in Sources */ = {isa = PBXBuildFile; fileRef = BD82307E259E0A2200156B51 /* Challenge_Day_25App.swift */; };
		BD8230A8259E0A2300156B51 /* Challenge_Day_25App.swift in Sources */ = {isa = PBXBuildFile; fileRef = BD82307E259E0A2200156B51 /* Challenge_Day_25App.swift */; };
		BD8230A9259E0A2300156B51 /* ContentView.swift in Sources */ = {isa = PBXBuildFile; fileRef = BD82307F259E0A2200156B51 /* ContentView.swift */; };
		BD8230AA259E0A2300156B51 /* ContentView.swift in Sources */ = {isa = PBXBuildFile; fileRef = BD82307F259E0A2200156B51 /* ContentView.swift */; };
		BD8230AB259E0A2300156B51 /* Assets.xcassets in Resources */ = {isa = PBXBuildFile; fileRef = BD823080259E0A2300156B51 /* Assets.xcassets */; };
		BD8230AC259E0A2300156B51 /* Assets.xcassets in Resources */ = {isa = PBXBuildFile; fileRef = BD823080259E0A2300156B51 /* Assets.xcassets */; };
/* End PBXBuildFile section */

/* Begin PBXContainerItemProxy section */
		BD823096259E0A2300156B51 /* PBXContainerItemProxy */ = {
			isa = PBXContainerItemProxy;
			containerPortal = BD823079259E0A2200156B51 /* Project object */;
			proxyType = 1;
			remoteGlobalIDString = BD823084259E0A2300156B51;
			remoteInfo = "Challenge Day 25 (iOS)";
		};
		BD8230A1259E0A2300156B51 /* PBXContainerItemProxy */ = {
			isa = PBXContainerItemProxy;
			containerPortal = BD823079259E0A2200156B51 /* Project object */;
			proxyType = 1;
			remoteGlobalIDString = BD82308C259E0A2300156B51;
			remoteInfo = "Challenge Day 25 (macOS)";
		};
/* End PBXContainerItemProxy section */

/* Begin PBXFileReference section */
		BD82307E259E0A2200156B51 /* Challenge_Day_25App.swift */ = {isa = PBXFileReference; lastKnownFileType = sourcecode.swift; path = Challenge_Day_25App.swift; sourceTree = "<group>"; };
		BD82307F259E0A2200156B51 /* ContentView.swift */ = {isa = PBXFileReference; lastKnownFileType = sourcecode.swift; path = ContentView.swift; sourceTree = "<group>"; };
		BD823080259E0A2300156B51 /* Assets.xcassets */ = {isa = PBXFileReference; lastKnownFileType = folder.assetcatalog; path = Assets.xcassets; sourceTree = "<group>"; };
		BD823085259E0A2300156B51 /* Challenge Day 25.app */ = {isa = PBXFileReference; explicitFileType = wrapper.application; includeInIndex = 0; path = "Challenge Day 25.app"; sourceTree = BUILT_PRODUCTS_DIR; };
		BD823088259E0A2300156B51 /* Info.plist */ = {isa = PBXFileReference; lastKnownFileType = text.plist.xml; path = Info.plist; sourceTree = "<group>"; };
		BD82308D259E0A2300156B51 /* Challenge Day 25.app */ = {isa = PBXFileReference; explicitFileType = wrapper.application; includeInIndex = 0; path = "Challenge Day 25.app"; sourceTree = BUILT_PRODUCTS_DIR; };
		BD82308F259E0A2300156B51 /* Info.plist */ = {isa = PBXFileReference; lastKnownFileType = text.plist.xml; path = Info.plist; sourceTree = "<group>"; };
		BD823090259E0A2300156B51 /* macOS.entitlements */ = {isa = PBXFileReference; lastKnownFileType = text.plist.entitlements; path = macOS.entitlements; sourceTree = "<group>"; };
		BD823095259E0A2300156B51 /* Tests iOS.xctest */ = {isa = PBXFileReference; explicitFileType = wrapper.cfbundle; includeInIndex = 0; path = "Tests iOS.xctest"; sourceTree = BUILT_PRODUCTS_DIR; };
		BD823099259E0A2300156B51 /* Tests_iOS.swift */ = {isa = PBXFileReference; lastKnownFileType = sourcecode.swift; path = Tests_iOS.swift; sourceTree = "<group>"; };
		BD82309B259E0A2300156B51 /* Info.plist */ = {isa = PBXFileReference; lastKnownFileType = text.plist.xml; path = Info.plist; sourceTree = "<group>"; };
		BD8230A0259E0A2300156B51 /* Tests macOS.xctest */ = {isa = PBXFileReference; explicitFileType = wrapper.cfbundle; includeInIndex = 0; path = "Tests macOS.xctest"; sourceTree = BUILT_PRODUCTS_DIR; };
		BD8230A4259E0A2300156B51 /* Tests_macOS.swift */ = {isa = PBXFileReference; lastKnownFileType = sourcecode.swift; path = Tests_macOS.swift; sourceTree = "<group>"; };
		BD8230A6259E0A2300156B51 /* Info.plist */ = {isa = PBXFileReference; lastKnownFileType = text.plist.xml; path = Info.plist; sourceTree = "<group>"; };
/* End PBXFileReference section */

/* Begin PBXFrameworksBuildPhase section */
		BD823082259E0A2300156B51 /* Frameworks */ = {
			isa = PBXFrameworksBuildPhase;
			buildActionMask = 2147483647;
			files = (
			);
			runOnlyForDeploymentPostprocessing = 0;
		};
		BD82308A259E0A2300156B51 /* Frameworks */ = {
			isa = PBXFrameworksBuildPhase;
			buildActionMask = 2147483647;
			files = (
			);
			runOnlyForDeploymentPostprocessing = 0;
		};
		BD823092259E0A2300156B51 /* Frameworks */ = {
			isa = PBXFrameworksBuildPhase;
			buildActionMask = 2147483647;
			files = (
			);
			runOnlyForDeploymentPostprocessing = 0;
		};
		BD82309D259E0A2300156B51 /* Frameworks */ = {
			isa = PBXFrameworksBuildPhase;
			buildActionMask = 2147483647;
			files = (
			);
			runOnlyForDeploymentPostprocessing = 0;
		};
/* End PBXFrameworksBuildPhase section */

/* Begin PBXGroup section */
		BD823078259E0A2200156B51 = {
			isa = PBXGroup;
			children = (
				BD82307D259E0A2200156B51 /* Shared */,
				BD823087259E0A2300156B51 /* iOS */,
				BD82308E259E0A2300156B51 /* macOS */,
				BD823098259E0A2300156B51 /* Tests iOS */,
				BD8230A3259E0A2300156B51 /* Tests macOS */,
				BD823086259E0A2300156B51 /* Products */,
			);
			sourceTree = "<group>";
		};
		BD82307D259E0A2200156B51 /* Shared */ = {
			isa = PBXGroup;
			children = (
				BD82307E259E0A2200156B51 /* Challenge_Day_25App.swift */,
				BD82307F259E0A2200156B51 /* ContentView.swift */,
				BD823080259E0A2300156B51 /* Assets.xcassets */,
			);
			path = Shared;
			sourceTree = "<group>";
		};
		BD823086259E0A2300156B51 /* Products */ = {
			isa = PBXGroup;
			children = (
				BD823085259E0A2300156B51 /* Challenge Day 25.app */,
				BD82308D259E0A2300156B51 /* Challenge Day 25.app */,
				BD823095259E0A2300156B51 /* Tests iOS.xctest */,
				BD8230A0259E0A2300156B51 /* Tests macOS.xctest */,
			);
			name = Products;
			sourceTree = "<group>";
		};
		BD823087259E0A2300156B51 /* iOS */ = {
			isa = PBXGroup;
			children = (
				BD823088259E0A2300156B51 /* Info.plist */,
			);
			path = iOS;
			sourceTree = "<group>";
		};
		BD82308E259E0A2300156B51 /* macOS */ = {
			isa = PBXGroup;
			children = (
				BD82308F259E0A2300156B51 /* Info.plist */,
				BD823090259E0A2300156B51 /* macOS.entitlements */,
			);
			path = macOS;
			sourceTree = "<group>";
		};
		BD823098259E0A2300156B51 /* Tests iOS */ = {
			isa = PBXGroup;
			children = (
				BD823099259E0A2300156B51 /* Tests_iOS.swift */,
				BD82309B259E0A2300156B51 /* Info.plist */,
			);
			path = "Tests iOS";
			sourceTree = "<group>";
		};
		BD8230A3259E0A2300156B51 /* Tests macOS */ = {
			isa = PBXGroup;
			children = (
				BD8230A4259E0A2300156B51 /* Tests_macOS.swift */,
				BD8230A6259E0A2300156B51 /* Info.plist */,
			);
			path = "Tests macOS";
			sourceTree = "<group>";
		};
/* End PBXGroup section */

/* Begin PBXNativeTarget section */
		BD823084259E0A2300156B51 /* Challenge Day 25 (iOS) */ = {
			isa = PBXNativeTarget;
			buildConfigurationList = BD8230AF259E0A2300156B51 /* Build configuration list for PBXNativeTarget "Challenge Day 25 (iOS)" */;
			buildPhases = (
				BD823081259E0A2300156B51 /* Sources */,
				BD823082259E0A2300156B51 /* Frameworks */,
				BD823083259E0A2300156B51 /* Resources */,
			);
			buildRules = (
			);
			dependencies = (
			);
			name = "Challenge Day 25 (iOS)";
			productName = "Challenge Day 25 (iOS)";
			productReference = BD823085259E0A2300156B51 /* Challenge Day 25.app */;
			productType = "com.apple.product-type.application";
		};
		BD82308C259E0A2300156B51 /* Challenge Day 25 (macOS) */ = {
			isa = PBXNativeTarget;
			buildConfigurationList = BD8230B2259E0A2300156B51 /* Build configuration list for PBXNativeTarget "Challenge Day 25 (macOS)" */;
			buildPhases = (
				BD823089259E0A2300156B51 /* Sources */,
				BD82308A259E0A2300156B51 /* Frameworks */,
				BD82308B259E0A2300156B51 /* Resources */,
			);
			buildRules = (
			);
			dependencies = (
			);
			name = "Challenge Day 25 (macOS)";
			productName = "Challenge Day 25 (macOS)";
			productReference = BD82308D259E0A2300156B51 /* Challenge Day 25.app */;
			productType = "com.apple.product-type.application";
		};
		BD823094259E0A2300156B51 /* Tests iOS */ = {
			isa = PBXNativeTarget;
			buildConfigurationList = BD8230B5259E0A2300156B51 /* Build configuration list for PBXNativeTarget "Tests iOS" */;
			buildPhases = (
				BD823091259E0A2300156B51 /* Sources */,
				BD823092259E0A2300156B51 /* Frameworks */,
				BD823093259E0A2300156B51 /* Resources */,
			);
			buildRules = (
			);
			dependencies = (
				BD823097259E0A2300156B51 /* PBXTargetDependency */,
			);
			name = "Tests iOS";
			productName = "Tests iOS";
			productReference = BD823095259E0A2300156B51 /* Tests iOS.xctest */;
			productType = "com.apple.product-type.bundle.ui-testing";
		};
		BD82309F259E0A2300156B51 /* Tests macOS */ = {
			isa = PBXNativeTarget;
			buildConfigurationList = BD8230B8259E0A2300156B51 /* Build configuration list for PBXNativeTarget "Tests macOS" */;
			buildPhases = (
				BD82309C259E0A2300156B51 /* Sources */,
				BD82309D259E0A2300156B51 /* Frameworks */,
				BD82309E259E0A2300156B51 /* Resources */,
			);
			buildRules = (
			);
			dependencies = (
				BD8230A2259E0A2300156B51 /* PBXTargetDependency */,
			);
			name = "Tests macOS";
			productName = "Tests macOS";
			productReference = BD8230A0259E0A2300156B51 /* Tests macOS.xctest */;
			productType = "com.apple.product-type.bundle.ui-testing";
		};
/* End PBXNativeTarget section */

/* Begin PBXProject section */
		BD823079259E0A2200156B51 /* Project object */ = {
			isa = PBXProject;
			attributes = {
				LastSwiftUpdateCheck = 1230;
				LastUpgradeCheck = 1230;
				TargetAttributes = {
					BD823084259E0A2300156B51 = {
						CreatedOnToolsVersion = 12.3;
					};
					BD82308C259E0A2300156B51 = {
						CreatedOnToolsVersion = 12.3;
					};
					BD823094259E0A2300156B51 = {
						CreatedOnToolsVersion = 12.3;
						TestTargetID = BD823084259E0A2300156B51;
					};
					BD82309F259E0A2300156B51 = {
						CreatedOnToolsVersion = 12.3;
						TestTargetID = BD82308C259E0A2300156B51;
					};
				};
			};
			buildConfigurationList = BD82307C259E0A2200156B51 /* Build configuration list for PBXProject "Challenge Day 25" */;
			compatibilityVersion = "Xcode 9.3";
			developmentRegion = en;
			hasScannedForEncodings = 0;
			knownRegions = (
				en,
				Base,
			);
			mainGroup = BD823078259E0A2200156B51;
			productRefGroup = BD823086259E0A2300156B51 /* Products */;
			projectDirPath = "";
			projectRoot = "";
			targets = (
				BD823084259E0A2300156B51 /* Challenge Day 25 (iOS) */,
				BD82308C259E0A2300156B51 /* Challenge Day 25 (macOS) */,
				BD823094259E0A2300156B51 /* Tests iOS */,
				BD82309F259E0A2300156B51 /* Tests macOS */,
			);
		};
/* End PBXProject section */

/* Begin PBXResourcesBuildPhase section */
		BD823083259E0A2300156B51 /* Resources */ = {
			isa = PBXResourcesBuildPhase;
			buildActionMask = 2147483647;
			files = (
				BD8230AB259E0A2300156B51 /* Assets.xcassets in Resources */,
			);
			runOnlyForDeploymentPostprocessing = 0;
		};
		BD82308B259E0A2300156B51 /* Resources */ = {
			isa = PBXResourcesBuildPhase;
			buildActionMask = 2147483647;
			files = (
				BD8230AC259E0A2300156B51 /* Assets.xcassets in Resources */,
			);
			runOnlyForDeploymentPostprocessing = 0;
		};
		BD823093259E0A2300156B51 /* Resources */ = {
			isa = PBXResourcesBuildPhase;
			buildActionMask = 2147483647;
			files = (
			);
			runOnlyForDeploymentPostprocessing = 0;
		};
		BD82309E259E0A2300156B51 /* Resources */ = {
			isa = PBXResourcesBuildPhase;
			buildActionMask = 2147483647;
			files = (
			);
			runOnlyForDeploymentPostprocessing = 0;
		};
/* End PBXResourcesBuildPhase section */

/* Begin PBXSourcesBuildPhase section */
		BD823081259E0A2300156B51 /* Sources */ = {
			isa = PBXSourcesBuildPhase;
			buildActionMask = 2147483647;
			files = (
				BD8230A9259E0A2300156B51 /* ContentView.swift in Sources */,
				BD8230A7259E0A2300156B51 /* Challenge_Day_25App.swift in Sources */,
			);
			runOnlyForDeploymentPostprocessing = 0;
		};
		BD823089259E0A2300156B51 /* Sources */ = {
			isa = PBXSourcesBuildPhase;
			buildActionMask = 2147483647;
			files = (
				BD8230AA259E0A2300156B51 /* ContentView.swift in Sources */,
				BD8230A8259E0A2300156B51 /* Challenge_Day_25App.swift in Sources */,
			);
			runOnlyForDeploymentPostprocessing = 0;
		};
		BD823091259E0A2300156B51 /* Sources */ = {
			isa = PBXSourcesBuildPhase;
			buildActionMask = 2147483647;
			files = (
				BD82309A259E0A2300156B51 /* Tests_iOS.swift in Sources */,
			);
			runOnlyForDeploymentPostprocessing = 0;
		};
		BD82309C259E0A2300156B51 /* Sources */ = {
			isa = PBXSourcesBuildPhase;
			buildActionMask = 2147483647;
			files = (
				BD8230A5259E0A2300156B51 /* Tests_macOS.swift in Sources */,
			);
			runOnlyForDeploymentPostprocessing = 0;
		};
/* End PBXSourcesBuildPhase section */

/* Begin PBXTargetDependency section */
		BD823097259E0A2300156B51 /* PBXTargetDependency */ = {
			isa = PBXTargetDependency;
			target = BD823084259E0A2300156B51 /* Challenge Day 25 (iOS) */;
			targetProxy = BD823096259E0A2300156B51 /* PBXContainerItemProxy */;
		};
		BD8230A2259E0A2300156B51 /* PBXTargetDependency */ = {
			isa = PBXTargetDependency;
			target = BD82308C259E0A2300156B51 /* Challenge Day 25 (macOS) */;
			targetProxy = BD8230A1259E0A2300156B51 /* PBXContainerItemProxy */;
		};
/* End PBXTargetDependency section */

/* Begin XCBuildConfiguration section */
		BD8230AD259E0A2300156B51 /* Debug */ = {
			isa = XCBuildConfiguration;
			buildSettings = {
				ALWAYS_SEARCH_USER_PATHS = NO;
				CLANG_ANALYZER_NONNULL = YES;
				CLANG_ANALYZER_NUMBER_OBJECT_CONVERSION = YES_AGGRESSIVE;
				CLANG_CXX_LANGUAGE_STANDARD = "gnu++14";
				CLANG_CXX_LIBRARY = "libc++";
				CLANG_ENABLE_MODULES = YES;
				CLANG_ENABLE_OBJC_ARC = YES;
				CLANG_ENABLE_OBJC_WEAK = YES;
				CLANG_WARN_BLOCK_CAPTURE_AUTORELEASING = YES;
				CLANG_WARN_BOOL_CONVERSION = YES;
				CLANG_WARN_COMMA = YES;
				CLANG_WARN_CONSTANT_CONVERSION = YES;
				CLANG_WARN_DEPRECATED_OBJC_IMPLEMENTATIONS = YES;
				CLANG_WARN_DIRECT_OBJC_ISA_USAGE = YES_ERROR;
				CLANG_WARN_DOCUMENTATION_COMMENTS = YES;
				CLANG_WARN_EMPTY_BODY = YES;
				CLANG_WARN_ENUM_CONVERSION = YES;
				CLANG_WARN_INFINITE_RECURSION = YES;
				CLANG_WARN_INT_CONVERSION = YES;
				CLANG_WARN_NON_LITERAL_NULL_CONVERSION = YES;
				CLANG_WARN_OBJC_IMPLICIT_RETAIN_SELF = YES;
				CLANG_WARN_OBJC_LITERAL_CONVERSION = YES;
				CLANG_WARN_OBJC_ROOT_CLASS = YES_ERROR;
				CLANG_WARN_QUOTED_INCLUDE_IN_FRAMEWORK_HEADER = YES;
				CLANG_WARN_RANGE_LOOP_ANALYSIS = YES;
				CLANG_WARN_STRICT_PROTOTYPES = YES;
				CLANG_WARN_SUSPICIOUS_MOVE = YES;
				CLANG_WARN_UNGUARDED_AVAILABILITY = YES_AGGRESSIVE;
				CLANG_WARN_UNREACHABLE_CODE = YES;
				CLANG_WARN__DUPLICATE_METHOD_MATCH = YES;
				COPY_PHASE_STRIP = NO;
				DEBUG_INFORMATION_FORMAT = dwarf;
				ENABLE_STRICT_OBJC_MSGSEND = YES;
				ENABLE_TESTABILITY = YES;
				GCC_C_LANGUAGE_STANDARD = gnu11;
				GCC_DYNAMIC_NO_PIC = NO;
				GCC_NO_COMMON_BLOCKS = YES;
				GCC_OPTIMIZATION_LEVEL = 0;
				GCC_PREPROCESSOR_DEFINITIONS = (
					"DEBUG=1",
					"$(inherited)",
				);
				GCC_WARN_64_TO_32_BIT_CONVERSION = YES;
				GCC_WARN_ABOUT_RETURN_TYPE = YES_ERROR;
				GCC_WARN_UNDECLARED_SELECTOR = YES;
				GCC_WARN_UNINITIALIZED_AUTOS = YES_AGGRESSIVE;
				GCC_WARN_UNUSED_FUNCTION = YES;
				GCC_WARN_UNUSED_VARIABLE = YES;
				MTL_ENABLE_DEBUG_INFO = INCLUDE_SOURCE;
				MTL_FAST_MATH = YES;
				ONLY_ACTIVE_ARCH = YES;
				SWIFT_ACTIVE_COMPILATION_CONDITIONS = DEBUG;
				SWIFT_OPTIMIZATION_LEVEL = "-Onone";
			};
			name = Debug;
		};
		BD8230AE259E0A2300156B51 /* Release */ = {
			isa = XCBuildConfiguration;
			buildSettings = {
				ALWAYS_SEARCH_USER_PATHS = NO;
				CLANG_ANALYZER_NONNULL = YES;
				CLANG_ANALYZER_NUMBER_OBJECT_CONVERSION = YES_AGGRESSIVE;
				CLANG_CXX_LANGUAGE_STANDARD = "gnu++14";
				CLANG_CXX_LIBRARY = "libc++";
				CLANG_ENABLE_MODULES = YES;
				CLANG_ENABLE_OBJC_ARC = YES;
				CLANG_ENABLE_OBJC_WEAK = YES;
				CLANG_WARN_BLOCK_CAPTURE_AUTORELEASING = YES;
				CLANG_WARN_BOOL_CONVERSION = YES;
				CLANG_WARN_COMMA = YES;
				CLANG_WARN_CONSTANT_CONVERSION = YES;
				CLANG_WARN_DEPRECATED_OBJC_IMPLEMENTATIONS = YES;
				CLANG_WARN_DIRECT_OBJC_ISA_USAGE = YES_ERROR;
				CLANG_WARN_DOCUMENTATION_COMMENTS = YES;
				CLANG_WARN_EMPTY_BODY = YES;
				CLANG_WARN_ENUM_CONVERSION = YES;
				CLANG_WARN_INFINITE_RECURSION = YES;
				CLANG_WARN_INT_CONVERSION = YES;
				CLANG_WARN_NON_LITERAL_NULL_CONVERSION = YES;
				CLANG_WARN_OBJC_IMPLICIT_RETAIN_SELF = YES;
				CLANG_WARN_OBJC_LITERAL_CONVERSION = YES;
				CLANG_WARN_OBJC_ROOT_CLASS = YES_ERROR;
				CLANG_WARN_QUOTED_INCLUDE_IN_FRAMEWORK_HEADER = YES;
				CLANG_WARN_RANGE_LOOP_ANALYSIS = YES;
				CLANG_WARN_STRICT_PROTOTYPES = YES;
				CLANG_WARN_SUSPICIOUS_MOVE = YES;
				CLANG_WARN_UNGUARDED_AVAILABILITY = YES_AGGRESSIVE;
				CLANG_WARN_UNREACHABLE_CODE = YES;
				CLANG_WARN__DUPLICATE_METHOD_MATCH = YES;
				COPY_PHASE_STRIP = NO;
				DEBUG_INFORMATION_FORMAT = "dwarf-with-dsym";
				ENABLE_NS_ASSERTIONS = NO;
				ENABLE_STRICT_OBJC_MSGSEND = YES;
				GCC_C_LANGUAGE_STANDARD = gnu11;
				GCC_NO_COMMON_BLOCKS = YES;
				GCC_WARN_64_TO_32_BIT_CONVERSION = YES;
				GCC_WARN_ABOUT_RETURN_TYPE = YES_ERROR;
				GCC_WARN_UNDECLARED_SELECTOR = YES;
				GCC_WARN_UNINITIALIZED_AUTOS = YES_AGGRESSIVE;
				GCC_WARN_UNUSED_FUNCTION = YES;
				GCC_WARN_UNUSED_VARIABLE = YES;
				MTL_ENABLE_DEBUG_INFO = NO;
				MTL_FAST_MATH = YES;
				SWIFT_COMPILATION_MODE = wholemodule;
				SWIFT_OPTIMIZATION_LEVEL = "-O";
			};
			name = Release;
		};
		BD8230B0259E0A2300156B51 /* Debug */ = {
			isa = XCBuildConfiguration;
			buildSettings = {
				ASSETCATALOG_COMPILER_APPICON_NAME = AppIcon;
				ASSETCATALOG_COMPILER_GLOBAL_ACCENT_COLOR_NAME = AccentColor;
				CODE_SIGN_STYLE = Automatic;
				DEVELOPMENT_TEAM = CB29M8E526;
				ENABLE_PREVIEWS = YES;
				INFOPLIST_FILE = iOS/Info.plist;
				IPHONEOS_DEPLOYMENT_TARGET = 14.0;
				LD_RUNPATH_SEARCH_PATHS = (
					"$(inherited)",
					"@executable_path/Frameworks",
				);
				PRODUCT_BUNDLE_IDENTIFIER = "co.za.jonathancopeland.Challenge-Day-25";
				PRODUCT_NAME = "Challenge Day 25";
				SDKROOT = iphoneos;
				SWIFT_VERSION = 5.0;
				TARGETED_DEVICE_FAMILY = "1,2";
			};
			name = Debug;
		};
		BD8230B1259E0A2300156B51 /* Release */ = {
			isa = XCBuildConfiguration;
			buildSettings = {
				ASSETCATALOG_COMPILER_APPICON_NAME = AppIcon;
				ASSETCATALOG_COMPILER_GLOBAL_ACCENT_COLOR_NAME = AccentColor;
				CODE_SIGN_STYLE = Automatic;
				DEVELOPMENT_TEAM = CB29M8E526;
				ENABLE_PREVIEWS = YES;
				INFOPLIST_FILE = iOS/Info.plist;
				IPHONEOS_DEPLOYMENT_TARGET = 14.0;
				LD_RUNPATH_SEARCH_PATHS = (
					"$(inherited)",
					"@executable_path/Frameworks",
				);
				PRODUCT_BUNDLE_IDENTIFIER = "co.za.jonathancopeland.Challenge-Day-25";
				PRODUCT_NAME = "Challenge Day 25";
				SDKROOT = iphoneos;
				SWIFT_VERSION = 5.0;
				TARGETED_DEVICE_FAMILY = "1,2";
				VALIDATE_PRODUCT = YES;
			};
			name = Release;
		};
		BD8230B3259E0A2300156B51 /* Debug */ = {
			isa = XCBuildConfiguration;
			buildSettings = {
				ASSETCATALOG_COMPILER_APPICON_NAME = AppIcon;
				ASSETCATALOG_COMPILER_GLOBAL_ACCENT_COLOR_NAME = AccentColor;
				CODE_SIGN_ENTITLEMENTS = macOS/macOS.entitlements;
				CODE_SIGN_STYLE = Automatic;
				COMBINE_HIDPI_IMAGES = YES;
				DEVELOPMENT_TEAM = CB29M8E526;
				ENABLE_HARDENED_RUNTIME = YES;
				ENABLE_PREVIEWS = YES;
				INFOPLIST_FILE = macOS/Info.plist;
				LD_RUNPATH_SEARCH_PATHS = (
					"$(inherited)",
					"@executable_path/../Frameworks",
				);
				MACOSX_DEPLOYMENT_TARGET = 11.0;
				PRODUCT_BUNDLE_IDENTIFIER = "co.za.jonathancopeland.Challenge-Day-25";
				PRODUCT_NAME = "Challenge Day 25";
				SDKROOT = macosx;
				SWIFT_VERSION = 5.0;
			};
			name = Debug;
		};
		BD8230B4259E0A2300156B51 /* Release */ = {
			isa = XCBuildConfiguration;
			buildSettings = {
				ASSETCATALOG_COMPILER_APPICON_NAME = AppIcon;
				ASSETCATALOG_COMPILER_GLOBAL_ACCENT_COLOR_NAME = AccentColor;
				CODE_SIGN_ENTITLEMENTS = macOS/macOS.entitlements;
				CODE_SIGN_STYLE = Automatic;
				COMBINE_HIDPI_IMAGES = YES;
				DEVELOPMENT_TEAM = CB29M8E526;
				ENABLE_HARDENED_RUNTIME = YES;
				ENABLE_PREVIEWS = YES;
				INFOPLIST_FILE = macOS/Info.plist;
				LD_RUNPATH_SEARCH_PATHS = (
					"$(inherited)",
					"@executable_path/../Frameworks",
				);
				MACOSX_DEPLOYMENT_TARGET = 11.0;
				PRODUCT_BUNDLE_IDENTIFIER = "co.za.jonathancopeland.Challenge-Day-25";
				PRODUCT_NAME = "Challenge Day 25";
				SDKROOT = macosx;
				SWIFT_VERSION = 5.0;
			};
			name = Release;
		};
		BD8230B6259E0A2300156B51 /* Debug */ = {
			isa = XCBuildConfiguration;
			buildSettings = {
				ALWAYS_EMBED_SWIFT_STANDARD_LIBRARIES = YES;
				CODE_SIGN_STYLE = Automatic;
				DEVELOPMENT_TEAM = CB29M8E526;
				INFOPLIST_FILE = "Tests iOS/Info.plist";
				IPHONEOS_DEPLOYMENT_TARGET = 14.3;
				LD_RUNPATH_SEARCH_PATHS = (
					"$(inherited)",
					"@executable_path/Frameworks",
					"@loader_path/Frameworks",
				);
				PRODUCT_BUNDLE_IDENTIFIER = "co.za.jonathancopeland.Tests-iOS";
				PRODUCT_NAME = "$(TARGET_NAME)";
				SDKROOT = iphoneos;
				SWIFT_VERSION = 5.0;
				TARGETED_DEVICE_FAMILY = "1,2";
				TEST_TARGET_NAME = "Challenge Day 25 (iOS)";
			};
			name = Debug;
		};
		BD8230B7259E0A2300156B51 /* Release */ = {
			isa = XCBuildConfiguration;
			buildSettings = {
				ALWAYS_EMBED_SWIFT_STANDARD_LIBRARIES = YES;
				CODE_SIGN_STYLE = Automatic;
				DEVELOPMENT_TEAM = CB29M8E526;
				INFOPLIST_FILE = "Tests iOS/Info.plist";
				IPHONEOS_DEPLOYMENT_TARGET = 14.3;
				LD_RUNPATH_SEARCH_PATHS = (
					"$(inherited)",
					"@executable_path/Frameworks",
					"@loader_path/Frameworks",
				);
				PRODUCT_BUNDLE_IDENTIFIER = "co.za.jonathancopeland.Tests-iOS";
				PRODUCT_NAME = "$(TARGET_NAME)";
				SDKROOT = iphoneos;
				SWIFT_VERSION = 5.0;
				TARGETED_DEVICE_FAMILY = "1,2";
				TEST_TARGET_NAME = "Challenge Day 25 (iOS)";
				VALIDATE_PRODUCT = YES;
			};
			name = Release;
		};
		BD8230B9259E0A2300156B51 /* Debug */ = {
			isa = XCBuildConfiguration;
			buildSettings = {
				ALWAYS_EMBED_SWIFT_STANDARD_LIBRARIES = YES;
				CODE_SIGN_STYLE = Automatic;
				COMBINE_HIDPI_IMAGES = YES;
				DEVELOPMENT_TEAM = CB29M8E526;
				INFOPLIST_FILE = "Tests macOS/Info.plist";
				LD_RUNPATH_SEARCH_PATHS = (
					"$(inherited)",
					"@executable_path/../Frameworks",
					"@loader_path/../Frameworks",
				);
				MACOSX_DEPLOYMENT_TARGET = 11.1;
				PRODUCT_BUNDLE_IDENTIFIER = "co.za.jonathancopeland.Tests-macOS";
				PRODUCT_NAME = "$(TARGET_NAME)";
				SDKROOT = macosx;
				SWIFT_VERSION = 5.0;
				TEST_TARGET_NAME = "Challenge Day 25 (macOS)";
			};
			name = Debug;
		};
		BD8230BA259E0A2300156B51 /* Release */ = {
			isa = XCBuildConfiguration;
			buildSettings = {
				ALWAYS_EMBED_SWIFT_STANDARD_LIBRARIES = YES;
				CODE_SIGN_STYLE = Automatic;
				COMBINE_HIDPI_IMAGES = YES;
				DEVELOPMENT_TEAM = CB29M8E526;
				INFOPLIST_FILE = "Tests macOS/Info.plist";
				LD_RUNPATH_SEARCH_PATHS = (
					"$(inherited)",
					"@executable_path/../Frameworks",
					"@loader_path/../Frameworks",
				);
				MACOSX_DEPLOYMENT_TARGET = 11.1;
				PRODUCT_BUNDLE_IDENTIFIER = "co.za.jonathancopeland.Tests-macOS";
				PRODUCT_NAME = "$(TARGET_NAME)";
				SDKROOT = macosx;
				SWIFT_VERSION = 5.0;
				TEST_TARGET_NAME = "Challenge Day 25 (macOS)";
			};
			name = Release;
		};
/* End XCBuildConfiguration section */

/* Begin XCConfigurationList section */
		BD82307C259E0A2200156B51 /* Build configuration list for PBXProject "Challenge Day 25" */ = {
			isa = XCConfigurationList;
			buildConfigurations = (
				BD8230AD259E0A2300156B51 /* Debug */,
				BD8230AE259E0A2300156B51 /* Release */,
			);
			defaultConfigurationIsVisible = 0;
			defaultConfigurationName = Release;
		};
		BD8230AF259E0A2300156B51 /* Build configuration list for PBXNativeTarget "Challenge Day 25 (iOS)" */ = {
			isa = XCConfigurationList;
			buildConfigurations = (
				BD8230B0259E0A2300156B51 /* Debug */,
				BD8230B1259E0A2300156B51 /* Release */,
			);
			defaultConfigurationIsVisible = 0;
			defaultConfigurationName = Release;
		};
		BD8230B2259E0A2300156B51 /* Build configuration list for PBXNativeTarget "Challenge Day 25 (macOS)" */ = {
			isa = XCConfigurationList;
			buildConfigurations = (
				BD8230B3259E0A2300156B51 /* Debug */,
				BD8230B4259E0A2300156B51 /* Release */,
			);
			defaultConfigurationIsVisible = 0;
			defaultConfigurationName = Release;
		};
		BD8230B5259E0A2300156B51 /* Build configuration list for PBXNativeTarget "Tests iOS" */ = {
			isa = XCConfigurationList;
			buildConfigurations = (
				BD8230B6259E0A2300156B51 /* Debug */,
				BD8230B7259E0A2300156B51 /* Release */,
			);
			defaultConfigurationIsVisible = 0;
			defaultConfigurationName = Release;
		};
		BD8230B8259E0A2300156B51 /* Build configuration list for PBXNativeTarget "Tests macOS" */ = {
			isa = XCConfigurationList;
			buildConfigurations = (
				BD8230B9259E0A2300156B51 /* Debug */,
				BD8230BA259E0A2300156B51 /* Release */,
			);
			defaultConfigurationIsVisible = 0;
			defaultConfigurationName = Release;
		};
/* End XCConfigurationList section */
	};
	rootObject = BD823079259E0A2200156B51 /* Project object */;
}
