// !$*UTF8*$!
{
	archiveVersion = 1;
	classes = {
	};
	objectVersion = 56;
	objects = {

/* Begin PBXBuildFile section */
		BD55760F2A52AF3C00D304D5 /* DiceChallengeApp.swift in Sources */ = {isa = PBXBuildFile; fileRef = BD55760E2A52AF3C00D304D5 /* DiceChallengeApp.swift */; };
		BD5576112A52AF3C00D304D5 /* ContentView.swift in Sources */ = {isa = PBXBuildFile; fileRef = BD5576102A52AF3C00D304D5 /* ContentView.swift */; };
		BD5576132A52AF4000D304D5 /* Assets.xcassets in Resources */ = {isa = PBXBuildFile; fileRef = BD5576122A52AF4000D304D5 /* Assets.xcassets */; };
		BD5576162A52AF4000D304D5 /* Preview Assets.xcassets in Resources */ = {isa = PBXBuildFile; fileRef = BD5576152A52AF4000D304D5 /* Preview Assets.xcassets */; };
		BD55761F2A52B2A900D304D5 /* Result.swift in Sources */ = {isa = PBXBuildFile; fileRef = BD55761E2A52B2A900D304D5 /* Result.swift */; };
		BD5576212A52B2CF00D304D5 /* PreviousResultsView.swift in Sources */ = {isa = PBXBuildFile; fileRef = BD5576202A52B2CF00D304D5 /* PreviousResultsView.swift */; };
		BD5576232A52B5E300D304D5 /* PreviousResults.swift in Sources */ = {isa = PBXBuildFile; fileRef = BD5576222A52B5E300D304D5 /* PreviousResults.swift */; };
		BD5576252A5A018F00D304D5 /* Dice.swift in Sources */ = {isa = PBXBuildFile; fileRef = BD5576242A5A018F00D304D5 /* Dice.swift */; };
/* End PBXBuildFile section */

/* Begin PBXFileReference section */
		BD55760B2A52AF3C00D304D5 /* DiceChallenge.app */ = {isa = PBXFileReference; explicitFileType = wrapper.application; includeInIndex = 0; path = DiceChallenge.app; sourceTree = BUILT_PRODUCTS_DIR; };
		BD55760E2A52AF3C00D304D5 /* DiceChallengeApp.swift */ = {isa = PBXFileReference; lastKnownFileType = sourcecode.swift; path = DiceChallengeApp.swift; sourceTree = "<group>"; };
		BD5576102A52AF3C00D304D5 /* ContentView.swift */ = {isa = PBXFileReference; lastKnownFileType = sourcecode.swift; path = ContentView.swift; sourceTree = "<group>"; };
		BD5576122A52AF4000D304D5 /* Assets.xcassets */ = {isa = PBXFileReference; lastKnownFileType = folder.assetcatalog; path = Assets.xcassets; sourceTree = "<group>"; };
		BD5576152A52AF4000D304D5 /* Preview Assets.xcassets */ = {isa = PBXFileReference; lastKnownFileType = folder.assetcatalog; path = "Preview Assets.xcassets"; sourceTree = "<group>"; };
		BD55761E2A52B2A900D304D5 /* Result.swift */ = {isa = PBXFileReference; lastKnownFileType = sourcecode.swift; path = Result.swift; sourceTree = "<group>"; };
		BD5576202A52B2CF00D304D5 /* PreviousResultsView.swift */ = {isa = PBXFileReference; lastKnownFileType = sourcecode.swift; path = PreviousResultsView.swift; sourceTree = "<group>"; };
		BD5576222A52B5E300D304D5 /* PreviousResults.swift */ = {isa = PBXFileReference; lastKnownFileType = sourcecode.swift; path = PreviousResults.swift; sourceTree = "<group>"; };
		BD5576242A5A018F00D304D5 /* Dice.swift */ = {isa = PBXFileReference; lastKnownFileType = sourcecode.swift; path = Dice.swift; sourceTree = "<group>"; };
/* End PBXFileReference section */

/* Begin PBXFrameworksBuildPhase section */
		BD5576082A52AF3C00D304D5 /* Frameworks */ = {
			isa = PBXFrameworksBuildPhase;
			buildActionMask = 2147483647;
			files = (
			);
			runOnlyForDeploymentPostprocessing = 0;
		};
/* End PBXFrameworksBuildPhase section */

/* Begin PBXGroup section */
		BD5576022A52AF3C00D304D5 = {
			isa = PBXGroup;
			children = (
				BD55760D2A52AF3C00D304D5 /* DiceChallenge */,
				BD55760C2A52AF3C00D304D5 /* Products */,
			);
			sourceTree = "<group>";
		};
		BD55760C2A52AF3C00D304D5 /* Products */ = {
			isa = PBXGroup;
			children = (
				BD55760B2A52AF3C00D304D5 /* DiceChallenge.app */,
			);
			name = Products;
			sourceTree = "<group>";
		};
		BD55760D2A52AF3C00D304D5 /* DiceChallenge */ = {
			isa = PBXGroup;
			children = (
				BD55760E2A52AF3C00D304D5 /* DiceChallengeApp.swift */,
				BD5576102A52AF3C00D304D5 /* ContentView.swift */,
				BD5576202A52B2CF00D304D5 /* PreviousResultsView.swift */,
				BD55761E2A52B2A900D304D5 /* Result.swift */,
				BD5576242A5A018F00D304D5 /* Dice.swift */,
				BD5576222A52B5E300D304D5 /* PreviousResults.swift */,
				BD5576122A52AF4000D304D5 /* Assets.xcassets */,
				BD5576142A52AF4000D304D5 /* Preview Content */,
			);
			path = DiceChallenge;
			sourceTree = "<group>";
		};
		BD5576142A52AF4000D304D5 /* Preview Content */ = {
			isa = PBXGroup;
			children = (
				BD5576152A52AF4000D304D5 /* Preview Assets.xcassets */,
			);
			path = "Preview Content";
			sourceTree = "<group>";
		};
/* End PBXGroup section */

/* Begin PBXNativeTarget section */
		BD55760A2A52AF3C00D304D5 /* DiceChallenge */ = {
			isa = PBXNativeTarget;
			buildConfigurationList = BD5576192A52AF4000D304D5 /* Build configuration list for PBXNativeTarget "DiceChallenge" */;
			buildPhases = (
				BD5576072A52AF3C00D304D5 /* Sources */,
				BD5576082A52AF3C00D304D5 /* Frameworks */,
				BD5576092A52AF3C00D304D5 /* Resources */,
			);
			buildRules = (
			);
			dependencies = (
			);
			name = DiceChallenge;
			productName = DiceChallenge;
			productReference = BD55760B2A52AF3C00D304D5 /* DiceChallenge.app */;
			productType = "com.apple.product-type.application";
		};
/* End PBXNativeTarget section */

/* Begin PBXProject section */
		BD5576032A52AF3C00D304D5 /* Project object */ = {
			isa = PBXProject;
			attributes = {
				BuildIndependentTargetsInParallel = 1;
				LastSwiftUpdateCheck = 1500;
				LastUpgradeCheck = 1500;
				TargetAttributes = {
					BD55760A2A52AF3C00D304D5 = {
						CreatedOnToolsVersion = 15.0;
					};
				};
			};
			buildConfigurationList = BD5576062A52AF3C00D304D5 /* Build configuration list for PBXProject "DiceChallenge" */;
			compatibilityVersion = "Xcode 14.0";
			developmentRegion = en;
			hasScannedForEncodings = 0;
			knownRegions = (
				en,
				Base,
			);
			mainGroup = BD5576022A52AF3C00D304D5;
			productRefGroup = BD55760C2A52AF3C00D304D5 /* Products */;
			projectDirPath = "";
			projectRoot = "";
			targets = (
				BD55760A2A52AF3C00D304D5 /* DiceChallenge */,
			);
		};
/* End PBXProject section */

/* Begin PBXResourcesBuildPhase section */
		BD5576092A52AF3C00D304D5 /* Resources */ = {
			isa = PBXResourcesBuildPhase;
			buildActionMask = 2147483647;
			files = (
				BD5576162A52AF4000D304D5 /* Preview Assets.xcassets in Resources */,
				BD5576132A52AF4000D304D5 /* Assets.xcassets in Resources */,
			);
			runOnlyForDeploymentPostprocessing = 0;
		};
/* End PBXResourcesBuildPhase section */

/* Begin PBXSourcesBuildPhase section */
		BD5576072A52AF3C00D304D5 /* Sources */ = {
			isa = PBXSourcesBuildPhase;
			buildActionMask = 2147483647;
			files = (
				BD5576112A52AF3C00D304D5 /* ContentView.swift in Sources */,
				BD5576232A52B5E300D304D5 /* PreviousResults.swift in Sources */,
				BD55761F2A52B2A900D304D5 /* Result.swift in Sources */,
				BD5576212A52B2CF00D304D5 /* PreviousResultsView.swift in Sources */,
				BD5576252A5A018F00D304D5 /* Dice.swift in Sources */,
				BD55760F2A52AF3C00D304D5 /* DiceChallengeApp.swift in Sources */,
			);
			runOnlyForDeploymentPostprocessing = 0;
		};
/* End PBXSourcesBuildPhase section */

/* Begin XCBuildConfiguration section */
		BD5576172A52AF4000D304D5 /* Debug */ = {
			isa = XCBuildConfiguration;
			buildSettings = {
				ALWAYS_SEARCH_USER_PATHS = NO;
				ASSETCATALOG_COMPILER_GENERATE_SWIFT_ASSET_SYMBOL_EXTENSIONS = YES;
				CLANG_ANALYZER_NONNULL = YES;
				CLANG_ANALYZER_NUMBER_OBJECT_CONVERSION = YES_AGGRESSIVE;
				CLANG_CXX_LANGUAGE_STANDARD = "gnu++20";
				CLANG_ENABLE_MODULES = YES;
				CLANG_ENABLE_OBJC_ARC = YES;
				CLANG_ENABLE_OBJC_WEAK = YES;
				CLANG_WARN_BLOCK_CAPTURE_AUTORELEASING = YES;
				CLANG_WARN_BOOL_CONVERSION = YES;
				CLANG_WARN_COMMA = YES;
				CLANG_WARN_CONSTANT_CONVERSION = YES;
				CLANG_WARN_DEPRECATED_OBJC_IMPLEMENTATIONS = YES;
				CLANG_WARN_DIRECT_OBJC_ISA_USAGE = YES_ERROR;
				CLANG_WARN_DOCUMENTATION_COMMENTS = YES;
				CLANG_WARN_EMPTY_BODY = YES;
				CLANG_WARN_ENUM_CONVERSION = YES;
				CLANG_WARN_INFINITE_RECURSION = YES;
				CLANG_WARN_INT_CONVERSION = YES;
				CLANG_WARN_NON_LITERAL_NULL_CONVERSION = YES;
				CLANG_WARN_OBJC_IMPLICIT_RETAIN_SELF = YES;
				CLANG_WARN_OBJC_LITERAL_CONVERSION = YES;
				CLANG_WARN_OBJC_ROOT_CLASS = YES_ERROR;
				CLANG_WARN_QUOTED_INCLUDE_IN_FRAMEWORK_HEADER = YES;
				CLANG_WARN_RANGE_LOOP_ANALYSIS = YES;
				CLANG_WARN_STRICT_PROTOTYPES = YES;
				CLANG_WARN_SUSPICIOUS_MOVE = YES;
				CLANG_WARN_UNGUARDED_AVAILABILITY = YES_AGGRESSIVE;
				CLANG_WARN_UNREACHABLE_CODE = YES;
				CLANG_WARN__DUPLICATE_METHOD_MATCH = YES;
				COPY_PHASE_STRIP = NO;
				DEBUG_INFORMATION_FORMAT = dwarf;
				ENABLE_STRICT_OBJC_MSGSEND = YES;
				ENABLE_TESTABILITY = YES;
				ENABLE_USER_SCRIPT_SANDBOXING = YES;
				GCC_C_LANGUAGE_STANDARD = gnu17;
				GCC_DYNAMIC_NO_PIC = NO;
				GCC_NO_COMMON_BLOCKS = YES;
				GCC_OPTIMIZATION_LEVEL = 0;
				GCC_PREPROCESSOR_DEFINITIONS = (
					"DEBUG=1",
					"$(inherited)",
				);
				GCC_WARN_64_TO_32_BIT_CONVERSION = YES;
				GCC_WARN_ABOUT_RETURN_TYPE = YES_ERROR;
				GCC_WARN_UNDECLARED_SELECTOR = YES;
				GCC_WARN_UNINITIALIZED_AUTOS = YES_AGGRESSIVE;
				GCC_WARN_UNUSED_FUNCTION = YES;
				GCC_WARN_UNUSED_VARIABLE = YES;
				IPHONEOS_DEPLOYMENT_TARGET = 17.0;
				LOCALIZATION_PREFERS_STRING_CATALOGS = YES;
				MTL_ENABLE_DEBUG_INFO = INCLUDE_SOURCE;
				MTL_FAST_MATH = YES;
				ONLY_ACTIVE_ARCH = YES;
				SDKROOT = iphoneos;
				SWIFT_ACTIVE_COMPILATION_CONDITIONS = "DEBUG $(inherited)";
				SWIFT_OPTIMIZATION_LEVEL = "-Onone";
			};
			name = Debug;
		};
		BD5576182A52AF4000D304D5 /* Release */ = {
			isa = XCBuildConfiguration;
			buildSettings = {
				ALWAYS_SEARCH_USER_PATHS = NO;
				ASSETCATALOG_COMPILER_GENERATE_SWIFT_ASSET_SYMBOL_EXTENSIONS = YES;
				CLANG_ANALYZER_NONNULL = YES;
				CLANG_ANALYZER_NUMBER_OBJECT_CONVERSION = YES_AGGRESSIVE;
				CLANG_CXX_LANGUAGE_STANDARD = "gnu++20";
				CLANG_ENABLE_MODULES = YES;
				CLANG_ENABLE_OBJC_ARC = YES;
				CLANG_ENABLE_OBJC_WEAK = YES;
				CLANG_WARN_BLOCK_CAPTURE_AUTORELEASING = YES;
				CLANG_WARN_BOOL_CONVERSION = YES;
				CLANG_WARN_COMMA = YES;
				CLANG_WARN_CONSTANT_CONVERSION = YES;
				CLANG_WARN_DEPRECATED_OBJC_IMPLEMENTATIONS = YES;
				CLANG_WARN_DIRECT_OBJC_ISA_USAGE = YES_ERROR;
				CLANG_WARN_DOCUMENTATION_COMMENTS = YES;
				CLANG_WARN_EMPTY_BODY = YES;
				CLANG_WARN_ENUM_CONVERSION = YES;
				CLANG_WARN_INFINITE_RECURSION = YES;
				CLANG_WARN_INT_CONVERSION = YES;
				CLANG_WARN_NON_LITERAL_NULL_CONVERSION = YES;
				CLANG_WARN_OBJC_IMPLICIT_RETAIN_SELF = YES;
				CLANG_WARN_OBJC_LITERAL_CONVERSION = YES;
				CLANG_WARN_OBJC_ROOT_CLASS = YES_ERROR;
				CLANG_WARN_QUOTED_INCLUDE_IN_FRAMEWORK_HEADER = YES;
				CLANG_WARN_RANGE_LOOP_ANALYSIS = YES;
				CLANG_WARN_STRICT_PROTOTYPES = YES;
				CLANG_WARN_SUSPICIOUS_MOVE = YES;
				CLANG_WARN_UNGUARDED_AVAILABILITY = YES_AGGRESSIVE;
				CLANG_WARN_UNREACHABLE_CODE = YES;
				CLANG_WARN__DUPLICATE_METHOD_MATCH = YES;
				COPY_PHASE_STRIP = NO;
				DEBUG_INFORMATION_FORMAT = "dwarf-with-dsym";
				ENABLE_NS_ASSERTIONS = NO;
				ENABLE_STRICT_OBJC_MSGSEND = YES;
				ENABLE_USER_SCRIPT_SANDBOXING = YES;
				GCC_C_LANGUAGE_STANDARD = gnu17;
				GCC_NO_COMMON_BLOCKS = YES;
				GCC_WARN_64_TO_32_BIT_CONVERSION = YES;
				GCC_WARN_ABOUT_RETURN_TYPE = YES_ERROR;
				GCC_WARN_UNDECLARED_SELECTOR = YES;
				GCC_WARN_UNINITIALIZED_AUTOS = YES_AGGRESSIVE;
				GCC_WARN_UNUSED_FUNCTION = YES;
				GCC_WARN_UNUSED_VARIABLE = YES;
				IPHONEOS_DEPLOYMENT_TARGET = 17.0;
				LOCALIZATION_PREFERS_STRING_CATALOGS = YES;
				MTL_ENABLE_DEBUG_INFO = NO;
				MTL_FAST_MATH = YES;
				SDKROOT = iphoneos;
				SWIFT_COMPILATION_MODE = wholemodule;
				VALIDATE_PRODUCT = YES;
			};
			name = Release;
		};
		BD55761A2A52AF4000D304D5 /* Debug */ = {
			isa = XCBuildConfiguration;
			buildSettings = {
				ASSETCATALOG_COMPILER_APPICON_NAME = AppIcon;
				ASSETCATALOG_COMPILER_GLOBAL_ACCENT_COLOR_NAME = AccentColor;
				CODE_SIGN_STYLE = Automatic;
				CURRENT_PROJECT_VERSION = 1;
				DEVELOPMENT_ASSET_PATHS = "\"DiceChallenge/Preview Content\"";
				DEVELOPMENT_TEAM = CB29M8E526;
				ENABLE_PREVIEWS = YES;
				GENERATE_INFOPLIST_FILE = YES;
				INFOPLIST_KEY_UIApplicationSceneManifest_Generation = YES;
				INFOPLIST_KEY_UIApplicationSupportsIndirectInputEvents = YES;
				INFOPLIST_KEY_UILaunchScreen_Generation = YES;
				INFOPLIST_KEY_UISupportedInterfaceOrientations_iPad = "UIInterfaceOrientationPortrait UIInterfaceOrientationPortraitUpsideDown UIInterfaceOrientationLandscapeLeft UIInterfaceOrientationLandscapeRight";
				INFOPLIST_KEY_UISupportedInterfaceOrientations_iPhone = "UIInterfaceOrientationPortrait UIInterfaceOrientationLandscapeLeft UIInterfaceOrientationLandscapeRight";
				LD_RUNPATH_SEARCH_PATHS = (
					"$(inherited)",
					"@executable_path/Frameworks",
				);
				MARKETING_VERSION = 1.0;
				PRODUCT_BUNDLE_IDENTIFIER = co.jcopeland.DiceChallenge;
				PRODUCT_NAME = "$(TARGET_NAME)";
				SWIFT_EMIT_LOC_STRINGS = YES;
				SWIFT_VERSION = 5.0;
				TARGETED_DEVICE_FAMILY = "1,2";
			};
			name = Debug;
		};
		BD55761B2A52AF4000D304D5 /* Release */ = {
			isa = XCBuildConfiguration;
			buildSettings = {
				ASSETCATALOG_COMPILER_APPICON_NAME = AppIcon;
				ASSETCATALOG_COMPILER_GLOBAL_ACCENT_COLOR_NAME = AccentColor;
				CODE_SIGN_STYLE = Automatic;
				CURRENT_PROJECT_VERSION = 1;
				DEVELOPMENT_ASSET_PATHS = "\"DiceChallenge/Preview Content\"";
				DEVELOPMENT_TEAM = CB29M8E526;
				ENABLE_PREVIEWS = YES;
				GENERATE_INFOPLIST_FILE = YES;
				INFOPLIST_KEY_UIApplicationSceneManifest_Generation = YES;
				INFOPLIST_KEY_UIApplicationSupportsIndirectInputEvents = YES;
				INFOPLIST_KEY_UILaunchScreen_Generation = YES;
				INFOPLIST_KEY_UISupportedInterfaceOrientations_iPad = "UIInterfaceOrientationPortrait UIInterfaceOrientationPortraitUpsideDown UIInterfaceOrientationLandscapeLeft UIInterfaceOrientationLandscapeRight";
				INFOPLIST_KEY_UISupportedInterfaceOrientations_iPhone = "UIInterfaceOrientationPortrait UIInterfaceOrientationLandscapeLeft UIInterfaceOrientationLandscapeRight";
				LD_RUNPATH_SEARCH_PATHS = (
					"$(inherited)",
					"@executable_path/Frameworks",
				);
				MARKETING_VERSION = 1.0;
				PRODUCT_BUNDLE_IDENTIFIER = co.jcopeland.DiceChallenge;
				PRODUCT_NAME = "$(TARGET_NAME)";
				SWIFT_EMIT_LOC_STRINGS = YES;
				SWIFT_VERSION = 5.0;
				TARGETED_DEVICE_FAMILY = "1,2";
			};
			name = Release;
		};
/* End XCBuildConfiguration section */

/* Begin XCConfigurationList section */
		BD5576062A52AF3C00D304D5 /* Build configuration list for PBXProject "DiceChallenge" */ = {
			isa = XCConfigurationList;
			buildConfigurations = (
				BD5576172A52AF4000D304D5 /* Debug */,
				BD5576182A52AF4000D304D5 /* Release */,
			);
			defaultConfigurationIsVisible = 0;
			defaultConfigurationName = Release;
		};
		BD5576192A52AF4000D304D5 /* Build configuration list for PBXNativeTarget "DiceChallenge" */ = {
			isa = XCConfigurationList;
			buildConfigurations = (
				BD55761A2A52AF4000D304D5 /* Debug */,
				BD55761B2A52AF4000D304D5 /* Release */,
			);
			defaultConfigurationIsVisible = 0;
			defaultConfigurationName = Release;
		};
/* End XCConfigurationList section */
	};
	rootObject = BD5576032A52AF3C00D304D5 /* Project object */;
}
