// !$*UTF8*$!
{
	archiveVersion = 1;
	classes = {
	};
	objectVersion = 50;
	objects = {

/* Begin PBXBuildFile section */
		BD75E08624EF9B3300928068 /* Tests_iOS.swift in Sources */ = {isa = PBXBuildFile; fileRef = BD75E08524EF9B3300928068 /* Tests_iOS.swift */; };
		BD75E09124EF9B3300928068 /* Tests_macOS.swift in Sources */ = {isa = PBXBuildFile; fileRef = BD75E09024EF9B3300928068 /* Tests_macOS.swift */; };
		BD75E09324EF9B3300928068 /* Simple_SplitApp.swift in Sources */ = {isa = PBXBuildFile; fileRef = BD75E06A24EF9B3200928068 /* Simple_SplitApp.swift */; };
		BD75E09424EF9B3300928068 /* Simple_SplitApp.swift in Sources */ = {isa = PBXBuildFile; fileRef = BD75E06A24EF9B3200928068 /* Simple_SplitApp.swift */; };
		BD75E09524EF9B3300928068 /* ContentView.swift in Sources */ = {isa = PBXBuildFile; fileRef = BD75E06B24EF9B3200928068 /* ContentView.swift */; };
		BD75E09624EF9B3300928068 /* ContentView.swift in Sources */ = {isa = PBXBuildFile; fileRef = BD75E06B24EF9B3200928068 /* ContentView.swift */; };
		BD75E09724EF9B3300928068 /* Assets.xcassets in Resources */ = {isa = PBXBuildFile; fileRef = BD75E06C24EF9B3300928068 /* Assets.xcassets */; };
		BD75E09824EF9B3300928068 /* Assets.xcassets in Resources */ = {isa = PBXBuildFile; fileRef = BD75E06C24EF9B3300928068 /* Assets.xcassets */; };
		BDB0762B259A7563005CC16C /* Colour.swift in Sources */ = {isa = PBXBuildFile; fileRef = BDB0762A259A7563005CC16C /* Colour.swift */; };
/* End PBXBuildFile section */

/* Begin PBXContainerItemProxy section */
		BD75E08224EF9B3300928068 /* PBXContainerItemProxy */ = {
			isa = PBXContainerItemProxy;
			containerPortal = BD75E06524EF9B3200928068 /* Project object */;
			proxyType = 1;
			remoteGlobalIDString = BD75E07024EF9B3300928068;
			remoteInfo = iOS;
		};
		BD75E08D24EF9B3300928068 /* PBXContainerItemProxy */ = {
			isa = PBXContainerItemProxy;
			containerPortal = BD75E06524EF9B3200928068 /* Project object */;
			proxyType = 1;
			remoteGlobalIDString = BD75E07824EF9B3300928068;
			remoteInfo = macOS;
		};
/* End PBXContainerItemProxy section */

/* Begin PBXFileReference section */
		BD75E06A24EF9B3200928068 /* Simple_SplitApp.swift */ = {isa = PBXFileReference; lastKnownFileType = sourcecode.swift; path = Simple_SplitApp.swift; sourceTree = "<group>"; };
		BD75E06B24EF9B3200928068 /* ContentView.swift */ = {isa = PBXFileReference; lastKnownFileType = sourcecode.swift; path = ContentView.swift; sourceTree = "<group>"; };
		BD75E06C24EF9B3300928068 /* Assets.xcassets */ = {isa = PBXFileReference; lastKnownFileType = folder.assetcatalog; path = Assets.xcassets; sourceTree = "<group>"; };
		BD75E07124EF9B3300928068 /* Simple Split.app */ = {isa = PBXFileReference; explicitFileType = wrapper.application; includeInIndex = 0; path = "Simple Split.app"; sourceTree = BUILT_PRODUCTS_DIR; };
		BD75E07424EF9B3300928068 /* Info.plist */ = {isa = PBXFileReference; lastKnownFileType = text.plist.xml; path = Info.plist; sourceTree = "<group>"; };
		BD75E07924EF9B3300928068 /* Simple Split.app */ = {isa = PBXFileReference; explicitFileType = wrapper.application; includeInIndex = 0; path = "Simple Split.app"; sourceTree = BUILT_PRODUCTS_DIR; };
		BD75E07B24EF9B3300928068 /* Info.plist */ = {isa = PBXFileReference; lastKnownFileType = text.plist.xml; path = Info.plist; sourceTree = "<group>"; };
		BD75E07C24EF9B3300928068 /* macOS.entitlements */ = {isa = PBXFileReference; lastKnownFileType = text.plist.entitlements; path = macOS.entitlements; sourceTree = "<group>"; };
		BD75E08124EF9B3300928068 /* Tests iOS.xctest */ = {isa = PBXFileReference; explicitFileType = wrapper.cfbundle; includeInIndex = 0; path = "Tests iOS.xctest"; sourceTree = BUILT_PRODUCTS_DIR; };
		BD75E08524EF9B3300928068 /* Tests_iOS.swift */ = {isa = PBXFileReference; lastKnownFileType = sourcecode.swift; path = Tests_iOS.swift; sourceTree = "<group>"; };
		BD75E08724EF9B3300928068 /* Info.plist */ = {isa = PBXFileReference; lastKnownFileType = text.plist.xml; path = Info.plist; sourceTree = "<group>"; };
		BD75E08C24EF9B3300928068 /* Tests macOS.xctest */ = {isa = PBXFileReference; explicitFileType = wrapper.cfbundle; includeInIndex = 0; path = "Tests macOS.xctest"; sourceTree = BUILT_PRODUCTS_DIR; };
		BD75E09024EF9B3300928068 /* Tests_macOS.swift */ = {isa = PBXFileReference; lastKnownFileType = sourcecode.swift; path = Tests_macOS.swift; sourceTree = "<group>"; };
		BD75E09224EF9B3300928068 /* Info.plist */ = {isa = PBXFileReference; lastKnownFileType = text.plist.xml; path = Info.plist; sourceTree = "<group>"; };
		BDB0762A259A7563005CC16C /* Colour.swift */ = {isa = PBXFileReference; lastKnownFileType = sourcecode.swift; path = Colour.swift; sourceTree = "<group>"; };
/* End PBXFileReference section */

/* Begin PBXFrameworksBuildPhase section */
		BD75E06E24EF9B3300928068 /* Frameworks */ = {
			isa = PBXFrameworksBuildPhase;
			buildActionMask = 2147483647;
			files = (
			);
			runOnlyForDeploymentPostprocessing = 0;
		};
		BD75E07624EF9B3300928068 /* Frameworks */ = {
			isa = PBXFrameworksBuildPhase;
			buildActionMask = 2147483647;
			files = (
			);
			runOnlyForDeploymentPostprocessing = 0;
		};
		BD75E07E24EF9B3300928068 /* Frameworks */ = {
			isa = PBXFrameworksBuildPhase;
			buildActionMask = 2147483647;
			files = (
			);
			runOnlyForDeploymentPostprocessing = 0;
		};
		BD75E08924EF9B3300928068 /* Frameworks */ = {
			isa = PBXFrameworksBuildPhase;
			buildActionMask = 2147483647;
			files = (
			);
			runOnlyForDeploymentPostprocessing = 0;
		};
/* End PBXFrameworksBuildPhase section */

/* Begin PBXGroup section */
		BD75E06424EF9B3200928068 = {
			isa = PBXGroup;
			children = (
				BD75E06924EF9B3200928068 /* Shared */,
				BD75E07324EF9B3300928068 /* iOS */,
				BD75E07A24EF9B3300928068 /* macOS */,
				BD75E08424EF9B3300928068 /* Tests iOS */,
				BD75E08F24EF9B3300928068 /* Tests macOS */,
				BD75E07224EF9B3300928068 /* Products */,
			);
			sourceTree = "<group>";
		};
		BD75E06924EF9B3200928068 /* Shared */ = {
			isa = PBXGroup;
			children = (
				BDB07629259A7555005CC16C /* Modifiers */,
				BD75E06A24EF9B3200928068 /* Simple_SplitApp.swift */,
				BD75E06B24EF9B3200928068 /* ContentView.swift */,
				BD75E06C24EF9B3300928068 /* Assets.xcassets */,
			);
			path = Shared;
			sourceTree = "<group>";
		};
		BD75E07224EF9B3300928068 /* Products */ = {
			isa = PBXGroup;
			children = (
				BD75E07124EF9B3300928068 /* Simple Split.app */,
				BD75E07924EF9B3300928068 /* Simple Split.app */,
				BD75E08124EF9B3300928068 /* Tests iOS.xctest */,
				BD75E08C24EF9B3300928068 /* Tests macOS.xctest */,
			);
			name = Products;
			sourceTree = "<group>";
		};
		BD75E07324EF9B3300928068 /* iOS */ = {
			isa = PBXGroup;
			children = (
				BD75E07424EF9B3300928068 /* Info.plist */,
			);
			path = iOS;
			sourceTree = "<group>";
		};
		BD75E07A24EF9B3300928068 /* macOS */ = {
			isa = PBXGroup;
			children = (
				BD75E07B24EF9B3300928068 /* Info.plist */,
				BD75E07C24EF9B3300928068 /* macOS.entitlements */,
			);
			path = macOS;
			sourceTree = "<group>";
		};
		BD75E08424EF9B3300928068 /* Tests iOS */ = {
			isa = PBXGroup;
			children = (
				BD75E08524EF9B3300928068 /* Tests_iOS.swift */,
				BD75E08724EF9B3300928068 /* Info.plist */,
			);
			path = "Tests iOS";
			sourceTree = "<group>";
		};
		BD75E08F24EF9B3300928068 /* Tests macOS */ = {
			isa = PBXGroup;
			children = (
				BD75E09024EF9B3300928068 /* Tests_macOS.swift */,
				BD75E09224EF9B3300928068 /* Info.plist */,
			);
			path = "Tests macOS";
			sourceTree = "<group>";
		};
		BDB07629259A7555005CC16C /* Modifiers */ = {
			isa = PBXGroup;
			children = (
				BDB0762A259A7563005CC16C /* Colour.swift */,
			);
			name = Modifiers;
			sourceTree = "<group>";
		};
/* End PBXGroup section */

/* Begin PBXNativeTarget section */
		BD75E07024EF9B3300928068 /* iOS */ = {
			isa = PBXNativeTarget;
			buildConfigurationList = BD75E09B24EF9B3300928068 /* Build configuration list for PBXNativeTarget "iOS" */;
			buildPhases = (
				BD75E06D24EF9B3300928068 /* Sources */,
				BD75E06E24EF9B3300928068 /* Frameworks */,
				BD75E06F24EF9B3300928068 /* Resources */,
			);
			buildRules = (
			);
			dependencies = (
			);
			name = iOS;
			productName = iOS;
			productReference = BD75E07124EF9B3300928068 /* Simple Split.app */;
			productType = "com.apple.product-type.application";
		};
		BD75E07824EF9B3300928068 /* macOS */ = {
			isa = PBXNativeTarget;
			buildConfigurationList = BD75E09E24EF9B3300928068 /* Build configuration list for PBXNativeTarget "macOS" */;
			buildPhases = (
				BD75E07524EF9B3300928068 /* Sources */,
				BD75E07624EF9B3300928068 /* Frameworks */,
				BD75E07724EF9B3300928068 /* Resources */,
			);
			buildRules = (
			);
			dependencies = (
			);
			name = macOS;
			productName = macOS;
			productReference = BD75E07924EF9B3300928068 /* Simple Split.app */;
			productType = "com.apple.product-type.application";
		};
		BD75E08024EF9B3300928068 /* Tests iOS */ = {
			isa = PBXNativeTarget;
			buildConfigurationList = BD75E0A124EF9B3300928068 /* Build configuration list for PBXNativeTarget "Tests iOS" */;
			buildPhases = (
				BD75E07D24EF9B3300928068 /* Sources */,
				BD75E07E24EF9B3300928068 /* Frameworks */,
				BD75E07F24EF9B3300928068 /* Resources */,
			);
			buildRules = (
			);
			dependencies = (
				BD75E08324EF9B3300928068 /* PBXTargetDependency */,
			);
			name = "Tests iOS";
			productName = "Tests iOS";
			productReference = BD75E08124EF9B3300928068 /* Tests iOS.xctest */;
			productType = "com.apple.product-type.bundle.ui-testing";
		};
		BD75E08B24EF9B3300928068 /* Tests macOS */ = {
			isa = PBXNativeTarget;
			buildConfigurationList = BD75E0A424EF9B3300928068 /* Build configuration list for PBXNativeTarget "Tests macOS" */;
			buildPhases = (
				BD75E08824EF9B3300928068 /* Sources */,
				BD75E08924EF9B3300928068 /* Frameworks */,
				BD75E08A24EF9B3300928068 /* Resources */,
			);
			buildRules = (
			);
			dependencies = (
				BD75E08E24EF9B3300928068 /* PBXTargetDependency */,
			);
			name = "Tests macOS";
			productName = "Tests macOS";
			productReference = BD75E08C24EF9B3300928068 /* Tests macOS.xctest */;
			productType = "com.apple.product-type.bundle.ui-testing";
		};
/* End PBXNativeTarget section */

/* Begin PBXProject section */
		BD75E06524EF9B3200928068 /* Project object */ = {
			isa = PBXProject;
			attributes = {
				LastSwiftUpdateCheck = 1200;
				LastUpgradeCheck = 1200;
				TargetAttributes = {
					BD75E07024EF9B3300928068 = {
						CreatedOnToolsVersion = 12.0;
					};
					BD75E07824EF9B3300928068 = {
						CreatedOnToolsVersion = 12.0;
					};
					BD75E08024EF9B3300928068 = {
						CreatedOnToolsVersion = 12.0;
						TestTargetID = BD75E07024EF9B3300928068;
					};
					BD75E08B24EF9B3300928068 = {
						CreatedOnToolsVersion = 12.0;
						TestTargetID = BD75E07824EF9B3300928068;
					};
				};
			};
			buildConfigurationList = BD75E06824EF9B3200928068 /* Build configuration list for PBXProject "Simple Split" */;
			compatibilityVersion = "Xcode 9.3";
			developmentRegion = en;
			hasScannedForEncodings = 0;
			knownRegions = (
				en,
				Base,
			);
			mainGroup = BD75E06424EF9B3200928068;
			productRefGroup = BD75E07224EF9B3300928068 /* Products */;
			projectDirPath = "";
			projectRoot = "";
			targets = (
				BD75E07024EF9B3300928068 /* iOS */,
				BD75E07824EF9B3300928068 /* macOS */,
				BD75E08024EF9B3300928068 /* Tests iOS */,
				BD75E08B24EF9B3300928068 /* Tests macOS */,
			);
		};
/* End PBXProject section */

/* Begin PBXResourcesBuildPhase section */
		BD75E06F24EF9B3300928068 /* Resources */ = {
			isa = PBXResourcesBuildPhase;
			buildActionMask = 2147483647;
			files = (
				BD75E09724EF9B3300928068 /* Assets.xcassets in Resources */,
			);
			runOnlyForDeploymentPostprocessing = 0;
		};
		BD75E07724EF9B3300928068 /* Resources */ = {
			isa = PBXResourcesBuildPhase;
			buildActionMask = 2147483647;
			files = (
				BD75E09824EF9B3300928068 /* Assets.xcassets in Resources */,
			);
			runOnlyForDeploymentPostprocessing = 0;
		};
		BD75E07F24EF9B3300928068 /* Resources */ = {
			isa = PBXResourcesBuildPhase;
			buildActionMask = 2147483647;
			files = (
			);
			runOnlyForDeploymentPostprocessing = 0;
		};
		BD75E08A24EF9B3300928068 /* Resources */ = {
			isa = PBXResourcesBuildPhase;
			buildActionMask = 2147483647;
			files = (
			);
			runOnlyForDeploymentPostprocessing = 0;
		};
/* End PBXResourcesBuildPhase section */

/* Begin PBXSourcesBuildPhase section */
		BD75E06D24EF9B3300928068 /* Sources */ = {
			isa = PBXSourcesBuildPhase;
			buildActionMask = 2147483647;
			files = (
				BDB0762B259A7563005CC16C /* Colour.swift in Sources */,
				BD75E09524EF9B3300928068 /* ContentView.swift in Sources */,
				BD75E09324EF9B3300928068 /* Simple_SplitApp.swift in Sources */,
			);
			runOnlyForDeploymentPostprocessing = 0;
		};
		BD75E07524EF9B3300928068 /* Sources */ = {
			isa = PBXSourcesBuildPhase;
			buildActionMask = 2147483647;
			files = (
				BD75E09624EF9B3300928068 /* ContentView.swift in Sources */,
				BD75E09424EF9B3300928068 /* Simple_SplitApp.swift in Sources */,
			);
			runOnlyForDeploymentPostprocessing = 0;
		};
		BD75E07D24EF9B3300928068 /* Sources */ = {
			isa = PBXSourcesBuildPhase;
			buildActionMask = 2147483647;
			files = (
				BD75E08624EF9B3300928068 /* Tests_iOS.swift in Sources */,
			);
			runOnlyForDeploymentPostprocessing = 0;
		};
		BD75E08824EF9B3300928068 /* Sources */ = {
			isa = PBXSourcesBuildPhase;
			buildActionMask = 2147483647;
			files = (
				BD75E09124EF9B3300928068 /* Tests_macOS.swift in Sources */,
			);
			runOnlyForDeploymentPostprocessing = 0;
		};
/* End PBXSourcesBuildPhase section */

/* Begin PBXTargetDependency section */
		BD75E08324EF9B3300928068 /* PBXTargetDependency */ = {
			isa = PBXTargetDependency;
			target = BD75E07024EF9B3300928068 /* iOS */;
			targetProxy = BD75E08224EF9B3300928068 /* PBXContainerItemProxy */;
		};
		BD75E08E24EF9B3300928068 /* PBXTargetDependency */ = {
			isa = PBXTargetDependency;
			target = BD75E07824EF9B3300928068 /* macOS */;
			targetProxy = BD75E08D24EF9B3300928068 /* PBXContainerItemProxy */;
		};
/* End PBXTargetDependency section */

/* Begin XCBuildConfiguration section */
		BD75E09924EF9B3300928068 /* Debug */ = {
			isa = XCBuildConfiguration;
			buildSettings = {
				ALWAYS_SEARCH_USER_PATHS = NO;
				CLANG_ANALYZER_NONNULL = YES;
				CLANG_ANALYZER_NUMBER_OBJECT_CONVERSION = YES_AGGRESSIVE;
				CLANG_CXX_LANGUAGE_STANDARD = "gnu++14";
				CLANG_CXX_LIBRARY = "libc++";
				CLANG_ENABLE_MODULES = YES;
				CLANG_ENABLE_OBJC_ARC = YES;
				CLANG_ENABLE_OBJC_WEAK = YES;
				CLANG_WARN_BLOCK_CAPTURE_AUTORELEASING = YES;
				CLANG_WARN_BOOL_CONVERSION = YES;
				CLANG_WARN_COMMA = YES;
				CLANG_WARN_CONSTANT_CONVERSION = YES;
				CLANG_WARN_DEPRECATED_OBJC_IMPLEMENTATIONS = YES;
				CLANG_WARN_DIRECT_OBJC_ISA_USAGE = YES_ERROR;
				CLANG_WARN_DOCUMENTATION_COMMENTS = YES;
				CLANG_WARN_EMPTY_BODY = YES;
				CLANG_WARN_ENUM_CONVERSION = YES;
				CLANG_WARN_INFINITE_RECURSION = YES;
				CLANG_WARN_INT_CONVERSION = YES;
				CLANG_WARN_NON_LITERAL_NULL_CONVERSION = YES;
				CLANG_WARN_OBJC_IMPLICIT_RETAIN_SELF = YES;
				CLANG_WARN_OBJC_LITERAL_CONVERSION = YES;
				CLANG_WARN_OBJC_ROOT_CLASS = YES_ERROR;
				CLANG_WARN_QUOTED_INCLUDE_IN_FRAMEWORK_HEADER = YES;
				CLANG_WARN_RANGE_LOOP_ANALYSIS = YES;
				CLANG_WARN_STRICT_PROTOTYPES = YES;
				CLANG_WARN_SUSPICIOUS_MOVE = YES;
				CLANG_WARN_UNGUARDED_AVAILABILITY = YES_AGGRESSIVE;
				CLANG_WARN_UNREACHABLE_CODE = YES;
				CLANG_WARN__DUPLICATE_METHOD_MATCH = YES;
				COPY_PHASE_STRIP = NO;
				DEBUG_INFORMATION_FORMAT = dwarf;
				ENABLE_STRICT_OBJC_MSGSEND = YES;
				ENABLE_TESTABILITY = YES;
				GCC_C_LANGUAGE_STANDARD = gnu11;
				GCC_DYNAMIC_NO_PIC = NO;
				GCC_NO_COMMON_BLOCKS = YES;
				GCC_OPTIMIZATION_LEVEL = 0;
				GCC_PREPROCESSOR_DEFINITIONS = (
					"DEBUG=1",
					"$(inherited)",
				);
				GCC_WARN_64_TO_32_BIT_CONVERSION = YES;
				GCC_WARN_ABOUT_RETURN_TYPE = YES_ERROR;
				GCC_WARN_UNDECLARED_SELECTOR = YES;
				GCC_WARN_UNINITIALIZED_AUTOS = YES_AGGRESSIVE;
				GCC_WARN_UNUSED_FUNCTION = YES;
				GCC_WARN_UNUSED_VARIABLE = YES;
				MTL_ENABLE_DEBUG_INFO = INCLUDE_SOURCE;
				MTL_FAST_MATH = YES;
				ONLY_ACTIVE_ARCH = YES;
				SWIFT_ACTIVE_COMPILATION_CONDITIONS = DEBUG;
				SWIFT_OPTIMIZATION_LEVEL = "-Onone";
			};
			name = Debug;
		};
		BD75E09A24EF9B3300928068 /* Release */ = {
			isa = XCBuildConfiguration;
			buildSettings = {
				ALWAYS_SEARCH_USER_PATHS = NO;
				CLANG_ANALYZER_NONNULL = YES;
				CLANG_ANALYZER_NUMBER_OBJECT_CONVERSION = YES_AGGRESSIVE;
				CLANG_CXX_LANGUAGE_STANDARD = "gnu++14";
				CLANG_CXX_LIBRARY = "libc++";
				CLANG_ENABLE_MODULES = YES;
				CLANG_ENABLE_OBJC_ARC = YES;
				CLANG_ENABLE_OBJC_WEAK = YES;
				CLANG_WARN_BLOCK_CAPTURE_AUTORELEASING = YES;
				CLANG_WARN_BOOL_CONVERSION = YES;
				CLANG_WARN_COMMA = YES;
				CLANG_WARN_CONSTANT_CONVERSION = YES;
				CLANG_WARN_DEPRECATED_OBJC_IMPLEMENTATIONS = YES;
				CLANG_WARN_DIRECT_OBJC_ISA_USAGE = YES_ERROR;
				CLANG_WARN_DOCUMENTATION_COMMENTS = YES;
				CLANG_WARN_EMPTY_BODY = YES;
				CLANG_WARN_ENUM_CONVERSION = YES;
				CLANG_WARN_INFINITE_RECURSION = YES;
				CLANG_WARN_INT_CONVERSION = YES;
				CLANG_WARN_NON_LITERAL_NULL_CONVERSION = YES;
				CLANG_WARN_OBJC_IMPLICIT_RETAIN_SELF = YES;
				CLANG_WARN_OBJC_LITERAL_CONVERSION = YES;
				CLANG_WARN_OBJC_ROOT_CLASS = YES_ERROR;
				CLANG_WARN_QUOTED_INCLUDE_IN_FRAMEWORK_HEADER = YES;
				CLANG_WARN_RANGE_LOOP_ANALYSIS = YES;
				CLANG_WARN_STRICT_PROTOTYPES = YES;
				CLANG_WARN_SUSPICIOUS_MOVE = YES;
				CLANG_WARN_UNGUARDED_AVAILABILITY = YES_AGGRESSIVE;
				CLANG_WARN_UNREACHABLE_CODE = YES;
				CLANG_WARN__DUPLICATE_METHOD_MATCH = YES;
				COPY_PHASE_STRIP = NO;
				DEBUG_INFORMATION_FORMAT = "dwarf-with-dsym";
				ENABLE_NS_ASSERTIONS = NO;
				ENABLE_STRICT_OBJC_MSGSEND = YES;
				GCC_C_LANGUAGE_STANDARD = gnu11;
				GCC_NO_COMMON_BLOCKS = YES;
				GCC_WARN_64_TO_32_BIT_CONVERSION = YES;
				GCC_WARN_ABOUT_RETURN_TYPE = YES_ERROR;
				GCC_WARN_UNDECLARED_SELECTOR = YES;
				GCC_WARN_UNINITIALIZED_AUTOS = YES_AGGRESSIVE;
				GCC_WARN_UNUSED_FUNCTION = YES;
				GCC_WARN_UNUSED_VARIABLE = YES;
				MTL_ENABLE_DEBUG_INFO = NO;
				MTL_FAST_MATH = YES;
				SWIFT_COMPILATION_MODE = wholemodule;
				SWIFT_OPTIMIZATION_LEVEL = "-O";
			};
			name = Release;
		};
		BD75E09C24EF9B3300928068 /* Debug */ = {
			isa = XCBuildConfiguration;
			buildSettings = {
				ASSETCATALOG_COMPILER_APPICON_NAME = AppIcon;
				ASSETCATALOG_COMPILER_GLOBAL_ACCENT_COLOR_NAME = AccentColor;
				CODE_SIGN_STYLE = Automatic;
				DEVELOPMENT_TEAM = CB29M8E526;
				ENABLE_PREVIEWS = YES;
				INFOPLIST_FILE = iOS/Info.plist;
				IPHONEOS_DEPLOYMENT_TARGET = 14.0;
				LD_RUNPATH_SEARCH_PATHS = (
					"$(inherited)",
					"@executable_path/Frameworks",
				);
				PRODUCT_BUNDLE_IDENTIFIER = "co.za.jonathancopeland.Simple-Split";
				PRODUCT_NAME = "Simple Split";
				SDKROOT = iphoneos;
				SWIFT_VERSION = 5.0;
				TARGETED_DEVICE_FAMILY = "1,2";
			};
			name = Debug;
		};
		BD75E09D24EF9B3300928068 /* Release */ = {
			isa = XCBuildConfiguration;
			buildSettings = {
				ASSETCATALOG_COMPILER_APPICON_NAME = AppIcon;
				ASSETCATALOG_COMPILER_GLOBAL_ACCENT_COLOR_NAME = AccentColor;
				CODE_SIGN_STYLE = Automatic;
				DEVELOPMENT_TEAM = CB29M8E526;
				ENABLE_PREVIEWS = YES;
				INFOPLIST_FILE = iOS/Info.plist;
				IPHONEOS_DEPLOYMENT_TARGET = 14.0;
				LD_RUNPATH_SEARCH_PATHS = (
					"$(inherited)",
					"@executable_path/Frameworks",
				);
				PRODUCT_BUNDLE_IDENTIFIER = "co.za.jonathancopeland.Simple-Split";
				PRODUCT_NAME = "Simple Split";
				SDKROOT = iphoneos;
				SWIFT_VERSION = 5.0;
				TARGETED_DEVICE_FAMILY = "1,2";
				VALIDATE_PRODUCT = YES;
			};
			name = Release;
		};
		BD75E09F24EF9B3300928068 /* Debug */ = {
			isa = XCBuildConfiguration;
			buildSettings = {
				ASSETCATALOG_COMPILER_APPICON_NAME = AppIcon;
				ASSETCATALOG_COMPILER_GLOBAL_ACCENT_COLOR_NAME = AccentColor;
				CODE_SIGN_ENTITLEMENTS = macOS/macOS.entitlements;
				CODE_SIGN_STYLE = Automatic;
				COMBINE_HIDPI_IMAGES = YES;
				DEVELOPMENT_TEAM = CB29M8E526;
				ENABLE_HARDENED_RUNTIME = YES;
				ENABLE_PREVIEWS = YES;
				INFOPLIST_FILE = macOS/Info.plist;
				LD_RUNPATH_SEARCH_PATHS = (
					"$(inherited)",
					"@executable_path/../Frameworks",
				);
				MACOSX_DEPLOYMENT_TARGET = 10.16;
				PRODUCT_BUNDLE_IDENTIFIER = "co.za.jonathancopeland.Simple-Split";
				PRODUCT_NAME = "Simple Split";
				SDKROOT = macosx;
				SWIFT_VERSION = 5.0;
			};
			name = Debug;
		};
		BD75E0A024EF9B3300928068 /* Release */ = {
			isa = XCBuildConfiguration;
			buildSettings = {
				ASSETCATALOG_COMPILER_APPICON_NAME = AppIcon;
				ASSETCATALOG_COMPILER_GLOBAL_ACCENT_COLOR_NAME = AccentColor;
				CODE_SIGN_ENTITLEMENTS = macOS/macOS.entitlements;
				CODE_SIGN_STYLE = Automatic;
				COMBINE_HIDPI_IMAGES = YES;
				DEVELOPMENT_TEAM = CB29M8E526;
				ENABLE_HARDENED_RUNTIME = YES;
				ENABLE_PREVIEWS = YES;
				INFOPLIST_FILE = macOS/Info.plist;
				LD_RUNPATH_SEARCH_PATHS = (
					"$(inherited)",
					"@executable_path/../Frameworks",
				);
				MACOSX_DEPLOYMENT_TARGET = 10.16;
				PRODUCT_BUNDLE_IDENTIFIER = "co.za.jonathancopeland.Simple-Split";
				PRODUCT_NAME = "Simple Split";
				SDKROOT = macosx;
				SWIFT_VERSION = 5.0;
			};
			name = Release;
		};
		BD75E0A224EF9B3300928068 /* Debug */ = {
			isa = XCBuildConfiguration;
			buildSettings = {
				ALWAYS_EMBED_SWIFT_STANDARD_LIBRARIES = YES;
				CODE_SIGN_STYLE = Automatic;
				DEVELOPMENT_TEAM = CB29M8E526;
				INFOPLIST_FILE = "Tests iOS/Info.plist";
				IPHONEOS_DEPLOYMENT_TARGET = 14.0;
				LD_RUNPATH_SEARCH_PATHS = (
					"$(inherited)",
					"@executable_path/Frameworks",
					"@loader_path/Frameworks",
				);
				PRODUCT_BUNDLE_IDENTIFIER = "co.za.jonathancopeland.Tests-iOS";
				PRODUCT_NAME = "$(TARGET_NAME)";
				SDKROOT = iphoneos;
				SWIFT_VERSION = 5.0;
				TARGETED_DEVICE_FAMILY = "1,2";
				TEST_TARGET_NAME = iOS;
			};
			name = Debug;
		};
		BD75E0A324EF9B3300928068 /* Release */ = {
			isa = XCBuildConfiguration;
			buildSettings = {
				ALWAYS_EMBED_SWIFT_STANDARD_LIBRARIES = YES;
				CODE_SIGN_STYLE = Automatic;
				DEVELOPMENT_TEAM = CB29M8E526;
				INFOPLIST_FILE = "Tests iOS/Info.plist";
				IPHONEOS_DEPLOYMENT_TARGET = 14.0;
				LD_RUNPATH_SEARCH_PATHS = (
					"$(inherited)",
					"@executable_path/Frameworks",
					"@loader_path/Frameworks",
				);
				PRODUCT_BUNDLE_IDENTIFIER = "co.za.jonathancopeland.Tests-iOS";
				PRODUCT_NAME = "$(TARGET_NAME)";
				SDKROOT = iphoneos;
				SWIFT_VERSION = 5.0;
				TARGETED_DEVICE_FAMILY = "1,2";
				TEST_TARGET_NAME = iOS;
				VALIDATE_PRODUCT = YES;
			};
			name = Release;
		};
		BD75E0A524EF9B3300928068 /* Debug */ = {
			isa = XCBuildConfiguration;
			buildSettings = {
				ALWAYS_EMBED_SWIFT_STANDARD_LIBRARIES = YES;
				CODE_SIGN_STYLE = Automatic;
				COMBINE_HIDPI_IMAGES = YES;
				DEVELOPMENT_TEAM = CB29M8E526;
				INFOPLIST_FILE = "Tests macOS/Info.plist";
				LD_RUNPATH_SEARCH_PATHS = (
					"$(inherited)",
					"@executable_path/../Frameworks",
					"@loader_path/../Frameworks",
				);
				MACOSX_DEPLOYMENT_TARGET = 10.15;
				PRODUCT_BUNDLE_IDENTIFIER = "co.za.jonathancopeland.Tests-macOS";
				PRODUCT_NAME = "$(TARGET_NAME)";
				SDKROOT = macosx;
				SWIFT_VERSION = 5.0;
				TEST_TARGET_NAME = macOS;
			};
			name = Debug;
		};
		BD75E0A624EF9B3300928068 /* Release */ = {
			isa = XCBuildConfiguration;
			buildSettings = {
				ALWAYS_EMBED_SWIFT_STANDARD_LIBRARIES = YES;
				CODE_SIGN_STYLE = Automatic;
				COMBINE_HIDPI_IMAGES = YES;
				DEVELOPMENT_TEAM = CB29M8E526;
				INFOPLIST_FILE = "Tests macOS/Info.plist";
				LD_RUNPATH_SEARCH_PATHS = (
					"$(inherited)",
					"@executable_path/../Frameworks",
					"@loader_path/../Frameworks",
				);
				MACOSX_DEPLOYMENT_TARGET = 10.15;
				PRODUCT_BUNDLE_IDENTIFIER = "co.za.jonathancopeland.Tests-macOS";
				PRODUCT_NAME = "$(TARGET_NAME)";
				SDKROOT = macosx;
				SWIFT_VERSION = 5.0;
				TEST_TARGET_NAME = macOS;
			};
			name = Release;
		};
/* End XCBuildConfiguration section */

/* Begin XCConfigurationList section */
		BD75E06824EF9B3200928068 /* Build configuration list for PBXProject "Simple Split" */ = {
			isa = XCConfigurationList;
			buildConfigurations = (
				BD75E09924EF9B3300928068 /* Debug */,
				BD75E09A24EF9B3300928068 /* Release */,
			);
			defaultConfigurationIsVisible = 0;
			defaultConfigurationName = Release;
		};
		BD75E09B24EF9B3300928068 /* Build configuration list for PBXNativeTarget "iOS" */ = {
			isa = XCConfigurationList;
			buildConfigurations = (
				BD75E09C24EF9B3300928068 /* Debug */,
				BD75E09D24EF9B3300928068 /* Release */,
			);
			defaultConfigurationIsVisible = 0;
			defaultConfigurationName = Release;
		};
		BD75E09E24EF9B3300928068 /* Build configuration list for PBXNativeTarget "macOS" */ = {
			isa = XCConfigurationList;
			buildConfigurations = (
				BD75E09F24EF9B3300928068 /* Debug */,
				BD75E0A024EF9B3300928068 /* Release */,
			);
			defaultConfigurationIsVisible = 0;
			defaultConfigurationName = Release;
		};
		BD75E0A124EF9B3300928068 /* Build configuration list for PBXNativeTarget "Tests iOS" */ = {
			isa = XCConfigurationList;
			buildConfigurations = (
				BD75E0A224EF9B3300928068 /* Debug */,
				BD75E0A324EF9B3300928068 /* Release */,
			);
			defaultConfigurationIsVisible = 0;
			defaultConfigurationName = Release;
		};
		BD75E0A424EF9B3300928068 /* Build configuration list for PBXNativeTarget "Tests macOS" */ = {
			isa = XCConfigurationList;
			buildConfigurations = (
				BD75E0A524EF9B3300928068 /* Debug */,
				BD75E0A624EF9B3300928068 /* Release */,
			);
			defaultConfigurationIsVisible = 0;
			defaultConfigurationName = Release;
		};
/* End XCConfigurationList section */
	};
	rootObject = BD75E06524EF9B3200928068 /* Project object */;
}
